{
  "version": 4,
  "terraform_version": "1.8.3",
  "serial": 859,
  "lineage": "66e02383-4e2b-2296-161a-7d0b052e1349",
  "outputs": {
    "Windows_FQDN": {
      "value": [
        [
          "win-9123-vm1.canadacentral.cloudapp.azure.com"
        ]
      ],
      "type": [
        "tuple",
        [
          [
            "tuple",
            [
              "string"
            ]
          ]
        ]
      ]
    },
    "Windows_avs_name": {
      "value": "windows-avs",
      "type": "string"
    },
    "Windows_private_ip_addresses": {
      "value": [
        "10.0.1.7"
      ],
      "type": [
        "tuple",
        [
          "string"
        ]
      ]
    },
    "Windows_public_ip_addresses": {
      "value": [
        [
          "4.206.150.82"
        ]
      ],
      "type": [
        "tuple",
        [
          [
            "tuple",
            [
              "string"
            ]
          ]
        ]
      ]
    },
    "Windows_vm_names": {
      "value": [
        "win-9123-vm1"
      ],
      "type": [
        "tuple",
        [
          "string"
        ]
      ]
    },
    "database_name": {
      "value": "9123-db",
      "type": "string"
    },
    "lb_name": {
      "value": "lb-9123",
      "type": "string"
    },
    "linux_fqdn": {
      "value": [
        "n01649123-vm1-pip.canadacentral.cloudapp.azure.com",
        "n01649123-vm2-pip.canadacentral.cloudapp.azure.com",
        "n01649123-vm3-pip.canadacentral.cloudapp.azure.com"
      ],
      "type": [
        "tuple",
        [
          "string",
          "string",
          "string"
        ]
      ]
    },
    "linux_private_ip_addresses": {
      "value": [
        "10.0.1.5",
        "10.0.1.4",
        "10.0.1.6"
      ],
      "type": [
        "tuple",
        [
          "string",
          "string",
          "string"
        ]
      ]
    },
    "linux_public_ip_addresses": {
      "value": [
        "4.206.145.96",
        "4.206.144.11",
        "4.206.149.165"
      ],
      "type": [
        "tuple",
        [
          "string",
          "string",
          "string"
        ]
      ]
    },
    "linux_vm_names": {
      "value": [
        "linux-n01649123-vm1",
        "linux-n01649123-vm2",
        "linux-n01649123-vm3"
      ],
      "type": [
        "tuple",
        [
          "string",
          "string",
          "string"
        ]
      ]
    },
    "log_analytics_workspace_name": {
      "value": "log-analytics-9123",
      "type": "string"
    },
    "recovery_services_vault_name": {
      "value": "vault-9123",
      "type": "string"
    },
    "rg_name": {
      "value": "9123-RG",
      "type": "string"
    },
    "security_group_name": {
      "value": "9123-NSG",
      "type": "string"
    },
    "server_name": {
      "value": "9123-server",
      "type": "string"
    },
    "storage_account_name": {
      "value": "storagen01649123",
      "type": "string"
    },
    "subnet_address_space": {
      "value": [
        "10.0.1.0/24"
      ],
      "type": [
        "list",
        "string"
      ]
    },
    "subnet_name": {
      "value": "9123-SUBNET",
      "type": "string"
    },
    "vnet_address_space": {
      "value": [
        "10.0.0.0/16"
      ],
      "type": [
        "list",
        "string"
      ]
    },
    "vnet_name": {
      "value": "9123-VNET",
      "type": "string"
    },
    "windows_avs_name": {
      "value": "windows-avs",
      "type": "string"
    }
  },
  "resources": [
    {
      "module": "module.common-n01649123",
      "mode": "managed",
      "type": "azurerm_log_analytics_workspace",
      "name": "log_analytics",
      "provider": "provider[\"registry.terraform.io/hashicorp/azurerm\"]",
      "instances": [
        {
          "schema_version": 3,
          "attributes": {
            "allow_resource_only_permissions": true,
            "cmk_for_query_forced": false,
            "daily_quota_gb": -1,
            "id": "/subscriptions/3423e856-3fd7-427a-82f5-39d44c9bd937/resourceGroups/9123-RG/providers/Microsoft.OperationalInsights/workspaces/log-analytics-9123",
            "internet_ingestion_enabled": true,
            "internet_query_enabled": true,
            "local_authentication_disabled": false,
            "location": "canadacentral",
            "name": "log-analytics-9123",
            "primary_shared_key": "D/W52jybHoGvZjF4laGDZWfmFUPeQrtUO/tIABUcEQfFeiO5Cv5DHBjX5hzfygUmtI6Sc/6avW1tMZUy/5ujxg==",
            "reservation_capacity_in_gb_per_day": null,
            "resource_group_name": "9123-RG",
            "retention_in_days": 30,
            "secondary_shared_key": "7apwg1Lv7ibUAlC6f3Y+09hp4dh6TWKjW7THV0xQuFZYUEZGdNECxiObUBj6WgJDx50qNUrdJTuXUdCxifN8tw==",
            "sku": "PerGB2018",
            "tags": null,
            "timeouts": null,
            "workspace_id": "bd0f1388-1f6c-4be5-8039-30fa2fe83b60"
          },
          "sensitive_attributes": [
            [
              {
                "type": "get_attr",
                "value": "secondary_shared_key"
              }
            ],
            [
              {
                "type": "get_attr",
                "value": "primary_shared_key"
              }
            ]
          ],
          "private": "eyJlMmJmYjczMC1lY2FhLTExZTYtOGY4OC0zNDM2M2JjN2M0YzAiOnsiY3JlYXRlIjoxODAwMDAwMDAwMDAwLCJkZWxldGUiOjE4MDAwMDAwMDAwMDAsInJlYWQiOjMwMDAwMDAwMDAwMCwidXBkYXRlIjoxODAwMDAwMDAwMDAwfSwic2NoZW1hX3ZlcnNpb24iOiIzIn0=",
          "dependencies": [
            "module.rgroup-n01649123.azurerm_resource_group.rg"
          ]
        }
      ]
    },
    {
      "module": "module.common-n01649123",
      "mode": "managed",
      "type": "azurerm_recovery_services_vault",
      "name": "vault",
      "provider": "provider[\"registry.terraform.io/hashicorp/azurerm\"]",
      "instances": [
        {
          "schema_version": 0,
          "attributes": {
            "classic_vmware_replication_enabled": null,
            "cross_region_restore_enabled": false,
            "encryption": [],
            "id": "/subscriptions/3423e856-3fd7-427a-82f5-39d44c9bd937/resourceGroups/9123-RG/providers/Microsoft.RecoveryServices/vaults/vault-9123",
            "identity": [],
            "immutability": null,
            "location": "canadacentral",
            "name": "vault-9123",
            "public_network_access_enabled": true,
            "resource_group_name": "9123-RG",
            "sku": "Standard",
            "soft_delete_enabled": true,
            "storage_mode_type": "GeoRedundant",
            "tags": null,
            "timeouts": null
          },
          "sensitive_attributes": [],
          "private": "eyJlMmJmYjczMC1lY2FhLTExZTYtOGY4OC0zNDM2M2JjN2M0YzAiOnsiY3JlYXRlIjo3MjAwMDAwMDAwMDAwLCJkZWxldGUiOjE4MDAwMDAwMDAwMDAsInJlYWQiOjMwMDAwMDAwMDAwMCwidXBkYXRlIjozNjAwMDAwMDAwMDAwfX0=",
          "dependencies": [
            "module.rgroup-n01649123.azurerm_resource_group.rg"
          ]
        }
      ]
    },
    {
      "module": "module.common-n01649123",
      "mode": "managed",
      "type": "azurerm_storage_account",
      "name": "storage_account",
      "provider": "provider[\"registry.terraform.io/hashicorp/azurerm\"]",
      "instances": [
        {
          "schema_version": 3,
          "attributes": {
            "access_tier": "Hot",
            "account_kind": "StorageV2",
            "account_replication_type": "LRS",
            "account_tier": "Standard",
            "allow_nested_items_to_be_public": true,
            "allowed_copy_scope": "",
            "azure_files_authentication": [],
            "blob_properties": [
              {
                "change_feed_enabled": false,
                "change_feed_retention_in_days": 0,
                "container_delete_retention_policy": [],
                "cors_rule": [],
                "default_service_version": "",
                "delete_retention_policy": [],
                "last_access_time_enabled": false,
                "restore_policy": [],
                "versioning_enabled": false
              }
            ],
            "cross_tenant_replication_enabled": true,
            "custom_domain": [],
            "customer_managed_key": [],
            "default_to_oauth_authentication": false,
            "edge_zone": "",
            "enable_https_traffic_only": true,
            "id": "/subscriptions/3423e856-3fd7-427a-82f5-39d44c9bd937/resourceGroups/9123-RG/providers/Microsoft.Storage/storageAccounts/storagen01649123",
            "identity": [],
            "immutability_policy": [],
            "infrastructure_encryption_enabled": false,
            "is_hns_enabled": false,
            "large_file_share_enabled": null,
            "location": "canadacentral",
            "min_tls_version": "TLS1_2",
            "name": "storagen01649123",
            "network_rules": [
              {
                "bypass": [
                  "AzureServices"
                ],
                "default_action": "Allow",
                "ip_rules": [],
                "private_link_access": [],
                "virtual_network_subnet_ids": []
              }
            ],
            "nfsv3_enabled": false,
            "primary_access_key": "oRMDnaNCqKTQjDBv4NF1xU7I0bdz15TbxH+Bt32232h49S8N3x0Wyy6QhLJB/lIiGVKWBy4fordN+AStsn+/SA==",
            "primary_blob_connection_string": "DefaultEndpointsProtocol=https;BlobEndpoint=https://storagen01649123.blob.core.windows.net/;AccountName=storagen01649123;AccountKey=oRMDnaNCqKTQjDBv4NF1xU7I0bdz15TbxH+Bt32232h49S8N3x0Wyy6QhLJB/lIiGVKWBy4fordN+AStsn+/SA==",
            "primary_blob_endpoint": "https://storagen01649123.blob.core.windows.net/",
            "primary_blob_host": "storagen01649123.blob.core.windows.net",
            "primary_connection_string": "DefaultEndpointsProtocol=https;AccountName=storagen01649123;AccountKey=oRMDnaNCqKTQjDBv4NF1xU7I0bdz15TbxH+Bt32232h49S8N3x0Wyy6QhLJB/lIiGVKWBy4fordN+AStsn+/SA==;EndpointSuffix=core.windows.net",
            "primary_dfs_endpoint": "https://storagen01649123.dfs.core.windows.net/",
            "primary_dfs_host": "storagen01649123.dfs.core.windows.net",
            "primary_file_endpoint": "https://storagen01649123.file.core.windows.net/",
            "primary_file_host": "storagen01649123.file.core.windows.net",
            "primary_location": "canadacentral",
            "primary_queue_endpoint": "https://storagen01649123.queue.core.windows.net/",
            "primary_queue_host": "storagen01649123.queue.core.windows.net",
            "primary_table_endpoint": "https://storagen01649123.table.core.windows.net/",
            "primary_table_host": "storagen01649123.table.core.windows.net",
            "primary_web_endpoint": "https://storagen01649123.z9.web.core.windows.net/",
            "primary_web_host": "storagen01649123.z9.web.core.windows.net",
            "public_network_access_enabled": true,
            "queue_encryption_key_type": "Service",
            "queue_properties": [
              {
                "cors_rule": [],
                "hour_metrics": [
                  {
                    "enabled": true,
                    "include_apis": true,
                    "retention_policy_days": 7,
                    "version": "1.0"
                  }
                ],
                "logging": [
                  {
                    "delete": false,
                    "read": false,
                    "retention_policy_days": 0,
                    "version": "1.0",
                    "write": false
                  }
                ],
                "minute_metrics": [
                  {
                    "enabled": false,
                    "include_apis": false,
                    "retention_policy_days": 0,
                    "version": "1.0"
                  }
                ]
              }
            ],
            "resource_group_name": "9123-RG",
            "routing": [],
            "sas_policy": [],
            "secondary_access_key": "gwLRxjz0VBY9mYq+groiu2SiNceM0KIa6q3j1Iygi1L19xMGhcAJorQ9KUx/inRptPDm2XbHW2xQ+AStVBeNuQ==",
            "secondary_blob_connection_string": "",
            "secondary_blob_endpoint": null,
            "secondary_blob_host": null,
            "secondary_connection_string": "DefaultEndpointsProtocol=https;AccountName=storagen01649123;AccountKey=gwLRxjz0VBY9mYq+groiu2SiNceM0KIa6q3j1Iygi1L19xMGhcAJorQ9KUx/inRptPDm2XbHW2xQ+AStVBeNuQ==;EndpointSuffix=core.windows.net",
            "secondary_dfs_endpoint": null,
            "secondary_dfs_host": null,
            "secondary_file_endpoint": null,
            "secondary_file_host": null,
            "secondary_location": "",
            "secondary_queue_endpoint": null,
            "secondary_queue_host": null,
            "secondary_table_endpoint": null,
            "secondary_table_host": null,
            "secondary_web_endpoint": null,
            "secondary_web_host": null,
            "sftp_enabled": false,
            "share_properties": [
              {
                "cors_rule": [],
                "retention_policy": [
                  {
                    "days": 7
                  }
                ],
                "smb": []
              }
            ],
            "shared_access_key_enabled": true,
            "static_website": [],
            "table_encryption_key_type": "Service",
            "tags": null,
            "timeouts": null
          },
          "sensitive_attributes": [
            [
              {
                "type": "get_attr",
                "value": "primary_access_key"
              }
            ],
            [
              {
                "type": "get_attr",
                "value": "primary_blob_connection_string"
              }
            ],
            [
              {
                "type": "get_attr",
                "value": "secondary_access_key"
              }
            ],
            [
              {
                "type": "get_attr",
                "value": "primary_connection_string"
              }
            ],
            [
              {
                "type": "get_attr",
                "value": "secondary_blob_connection_string"
              }
            ],
            [
              {
                "type": "get_attr",
                "value": "secondary_connection_string"
              }
            ]
          ],
          "private": "eyJlMmJmYjczMC1lY2FhLTExZTYtOGY4OC0zNDM2M2JjN2M0YzAiOnsiY3JlYXRlIjozNjAwMDAwMDAwMDAwLCJkZWxldGUiOjM2MDAwMDAwMDAwMDAsInJlYWQiOjMwMDAwMDAwMDAwMCwidXBkYXRlIjozNjAwMDAwMDAwMDAwfSwic2NoZW1hX3ZlcnNpb24iOiIzIn0=",
          "dependencies": [
            "module.rgroup-n01649123.azurerm_resource_group.rg"
          ]
        }
      ]
    },
    {
      "module": "module.common-n01649123",
      "mode": "managed",
      "type": "azurerm_storage_container",
      "name": "storage_container",
      "provider": "provider[\"registry.terraform.io/hashicorp/azurerm\"]",
      "instances": [
        {
          "schema_version": 1,
          "attributes": {
            "container_access_type": "private",
            "has_immutability_policy": false,
            "has_legal_hold": false,
            "id": "https://storagen01649123.blob.core.windows.net/storage-container-9123",
            "metadata": {},
            "name": "storage-container-9123",
            "resource_manager_id": "/subscriptions/3423e856-3fd7-427a-82f5-39d44c9bd937/resourceGroups/9123-RG/providers/Microsoft.Storage/storageAccounts/storagen01649123/blobServices/default/containers/storage-container-9123",
            "storage_account_name": "storagen01649123",
            "timeouts": null
          },
          "sensitive_attributes": [],
          "private": "eyJlMmJmYjczMC1lY2FhLTExZTYtOGY4OC0zNDM2M2JjN2M0YzAiOnsiY3JlYXRlIjoxODAwMDAwMDAwMDAwLCJkZWxldGUiOjE4MDAwMDAwMDAwMDAsInJlYWQiOjMwMDAwMDAwMDAwMCwidXBkYXRlIjoxODAwMDAwMDAwMDAwfSwic2NoZW1hX3ZlcnNpb24iOiIxIn0=",
          "dependencies": [
            "module.common-n01649123.azurerm_storage_account.storage_account",
            "module.rgroup-n01649123.azurerm_resource_group.rg"
          ]
        }
      ]
    },
    {
      "module": "module.datadisks-n01649123",
      "mode": "managed",
      "type": "azurerm_managed_disk",
      "name": "data_disks",
      "provider": "provider[\"registry.terraform.io/hashicorp/azurerm\"]",
      "instances": [
        {
          "index_key": 0,
          "schema_version": 1,
          "attributes": {
            "create_option": "Empty",
            "disk_access_id": "",
            "disk_encryption_set_id": "",
            "disk_iops_read_only": 0,
            "disk_iops_read_write": 500,
            "disk_mbps_read_only": 0,
            "disk_mbps_read_write": 60,
            "disk_size_gb": 10,
            "edge_zone": "",
            "encryption_settings": [],
            "gallery_image_reference_id": "",
            "hyper_v_generation": "",
            "id": "/subscriptions/3423e856-3fd7-427a-82f5-39d44c9bd937/resourceGroups/9123-RG/providers/Microsoft.Compute/disks/datadisk-9123-datadisk-0",
            "image_reference_id": "",
            "location": "canadacentral",
            "logical_sector_size": null,
            "max_shares": 0,
            "name": "datadisk-9123-datadisk-0",
            "network_access_policy": null,
            "on_demand_bursting_enabled": false,
            "os_type": "",
            "public_network_access_enabled": true,
            "resource_group_name": "9123-RG",
            "secure_vm_disk_encryption_set_id": "",
            "security_type": "",
            "source_resource_id": "",
            "source_uri": "",
            "storage_account_id": "",
            "storage_account_type": "Standard_LRS",
            "tags": null,
            "tier": "",
            "timeouts": null,
            "trusted_launch_enabled": false,
            "upload_size_bytes": 0,
            "zone": ""
          },
          "sensitive_attributes": [],
          "private": "eyJlMmJmYjczMC1lY2FhLTExZTYtOGY4OC0zNDM2M2JjN2M0YzAiOnsiY3JlYXRlIjoxODAwMDAwMDAwMDAwLCJkZWxldGUiOjE4MDAwMDAwMDAwMDAsInJlYWQiOjMwMDAwMDAwMDAwMCwidXBkYXRlIjoxODAwMDAwMDAwMDAwfSwic2NoZW1hX3ZlcnNpb24iOiIxIn0=",
          "dependencies": [
            "module.rgroup-n01649123.azurerm_resource_group.rg"
          ]
        },
        {
          "index_key": 1,
          "schema_version": 1,
          "attributes": {
            "create_option": "Empty",
            "disk_access_id": "",
            "disk_encryption_set_id": "",
            "disk_iops_read_only": 0,
            "disk_iops_read_write": 500,
            "disk_mbps_read_only": 0,
            "disk_mbps_read_write": 60,
            "disk_size_gb": 10,
            "edge_zone": "",
            "encryption_settings": [],
            "gallery_image_reference_id": "",
            "hyper_v_generation": "",
            "id": "/subscriptions/3423e856-3fd7-427a-82f5-39d44c9bd937/resourceGroups/9123-RG/providers/Microsoft.Compute/disks/datadisk-9123-datadisk-1",
            "image_reference_id": "",
            "location": "canadacentral",
            "logical_sector_size": null,
            "max_shares": 0,
            "name": "datadisk-9123-datadisk-1",
            "network_access_policy": null,
            "on_demand_bursting_enabled": false,
            "os_type": "",
            "public_network_access_enabled": true,
            "resource_group_name": "9123-RG",
            "secure_vm_disk_encryption_set_id": "",
            "security_type": "",
            "source_resource_id": "",
            "source_uri": "",
            "storage_account_id": "",
            "storage_account_type": "Standard_LRS",
            "tags": null,
            "tier": "",
            "timeouts": null,
            "trusted_launch_enabled": false,
            "upload_size_bytes": 0,
            "zone": ""
          },
          "sensitive_attributes": [],
          "private": "eyJlMmJmYjczMC1lY2FhLTExZTYtOGY4OC0zNDM2M2JjN2M0YzAiOnsiY3JlYXRlIjoxODAwMDAwMDAwMDAwLCJkZWxldGUiOjE4MDAwMDAwMDAwMDAsInJlYWQiOjMwMDAwMDAwMDAwMCwidXBkYXRlIjoxODAwMDAwMDAwMDAwfSwic2NoZW1hX3ZlcnNpb24iOiIxIn0=",
          "dependencies": [
            "module.rgroup-n01649123.azurerm_resource_group.rg"
          ]
        },
        {
          "index_key": 2,
          "schema_version": 1,
          "attributes": {
            "create_option": "Empty",
            "disk_access_id": "",
            "disk_encryption_set_id": "",
            "disk_iops_read_only": 0,
            "disk_iops_read_write": 500,
            "disk_mbps_read_only": 0,
            "disk_mbps_read_write": 60,
            "disk_size_gb": 10,
            "edge_zone": "",
            "encryption_settings": [],
            "gallery_image_reference_id": "",
            "hyper_v_generation": "",
            "id": "/subscriptions/3423e856-3fd7-427a-82f5-39d44c9bd937/resourceGroups/9123-RG/providers/Microsoft.Compute/disks/datadisk-9123-datadisk-2",
            "image_reference_id": "",
            "location": "canadacentral",
            "logical_sector_size": null,
            "max_shares": 0,
            "name": "datadisk-9123-datadisk-2",
            "network_access_policy": null,
            "on_demand_bursting_enabled": false,
            "os_type": "",
            "public_network_access_enabled": true,
            "resource_group_name": "9123-RG",
            "secure_vm_disk_encryption_set_id": "",
            "security_type": "",
            "source_resource_id": "",
            "source_uri": "",
            "storage_account_id": "",
            "storage_account_type": "Standard_LRS",
            "tags": null,
            "tier": "",
            "timeouts": null,
            "trusted_launch_enabled": false,
            "upload_size_bytes": 0,
            "zone": ""
          },
          "sensitive_attributes": [],
          "private": "eyJlMmJmYjczMC1lY2FhLTExZTYtOGY4OC0zNDM2M2JjN2M0YzAiOnsiY3JlYXRlIjoxODAwMDAwMDAwMDAwLCJkZWxldGUiOjE4MDAwMDAwMDAwMDAsInJlYWQiOjMwMDAwMDAwMDAwMCwidXBkYXRlIjoxODAwMDAwMDAwMDAwfSwic2NoZW1hX3ZlcnNpb24iOiIxIn0=",
          "dependencies": [
            "module.rgroup-n01649123.azurerm_resource_group.rg"
          ]
        },
        {
          "index_key": 3,
          "schema_version": 1,
          "attributes": {
            "create_option": "Empty",
            "disk_access_id": "",
            "disk_encryption_set_id": "",
            "disk_iops_read_only": 0,
            "disk_iops_read_write": 500,
            "disk_mbps_read_only": 0,
            "disk_mbps_read_write": 60,
            "disk_size_gb": 10,
            "edge_zone": "",
            "encryption_settings": [],
            "gallery_image_reference_id": "",
            "hyper_v_generation": "",
            "id": "/subscriptions/3423e856-3fd7-427a-82f5-39d44c9bd937/resourceGroups/9123-RG/providers/Microsoft.Compute/disks/datadisk-9123-datadisk-3",
            "image_reference_id": "",
            "location": "canadacentral",
            "logical_sector_size": null,
            "max_shares": 0,
            "name": "datadisk-9123-datadisk-3",
            "network_access_policy": null,
            "on_demand_bursting_enabled": false,
            "os_type": "",
            "public_network_access_enabled": true,
            "resource_group_name": "9123-RG",
            "secure_vm_disk_encryption_set_id": "",
            "security_type": "",
            "source_resource_id": "",
            "source_uri": "",
            "storage_account_id": "",
            "storage_account_type": "Standard_LRS",
            "tags": null,
            "tier": "",
            "timeouts": null,
            "trusted_launch_enabled": false,
            "upload_size_bytes": 0,
            "zone": ""
          },
          "sensitive_attributes": [],
          "private": "eyJlMmJmYjczMC1lY2FhLTExZTYtOGY4OC0zNDM2M2JjN2M0YzAiOnsiY3JlYXRlIjoxODAwMDAwMDAwMDAwLCJkZWxldGUiOjE4MDAwMDAwMDAwMDAsInJlYWQiOjMwMDAwMDAwMDAwMCwidXBkYXRlIjoxODAwMDAwMDAwMDAwfSwic2NoZW1hX3ZlcnNpb24iOiIxIn0=",
          "dependencies": [
            "module.rgroup-n01649123.azurerm_resource_group.rg"
          ]
        }
      ]
    },
    {
      "module": "module.datadisks-n01649123",
      "mode": "managed",
      "type": "azurerm_virtual_machine_data_disk_attachment",
      "name": "linux_vm_disks",
      "provider": "provider[\"registry.terraform.io/hashicorp/azurerm\"]",
      "instances": [
        {
          "index_key": 0,
          "schema_version": 0,
          "attributes": {
            "caching": "ReadWrite",
            "create_option": "Attach",
            "id": "/subscriptions/3423e856-3fd7-427a-82f5-39d44c9bd937/resourceGroups/9123-RG/providers/Microsoft.Compute/virtualMachines/linux-n01649123-vm1/dataDisks/datadisk-9123-datadisk-0",
            "lun": 0,
            "managed_disk_id": "/subscriptions/3423e856-3fd7-427a-82f5-39d44c9bd937/resourceGroups/9123-RG/providers/Microsoft.Compute/disks/datadisk-9123-datadisk-0",
            "timeouts": null,
            "virtual_machine_id": "/subscriptions/3423e856-3fd7-427a-82f5-39d44c9bd937/resourceGroups/9123-RG/providers/Microsoft.Compute/virtualMachines/linux-n01649123-vm1",
            "write_accelerator_enabled": false
          },
          "sensitive_attributes": [],
          "private": "eyJlMmJmYjczMC1lY2FhLTExZTYtOGY4OC0zNDM2M2JjN2M0YzAiOnsiY3JlYXRlIjoxODAwMDAwMDAwMDAwLCJkZWxldGUiOjE4MDAwMDAwMDAwMDAsInJlYWQiOjMwMDAwMDAwMDAwMCwidXBkYXRlIjoxODAwMDAwMDAwMDAwfX0=",
          "dependencies": [
            "module.datadisks-n01649123.azurerm_managed_disk.data_disks",
            "module.linux-n01649123.azurerm_availability_set.linux_avs",
            "module.linux-n01649123.azurerm_linux_virtual_machine.vmlinux",
            "module.linux-n01649123.azurerm_network_interface.linux_nic",
            "module.linux-n01649123.azurerm_public_ip.linux_pip",
            "module.network-n01649123.azurerm_subnet.subnet",
            "module.network-n01649123.azurerm_virtual_network.vnet",
            "module.rgroup-n01649123.azurerm_resource_group.rg"
          ]
        },
        {
          "index_key": 1,
          "schema_version": 0,
          "attributes": {
            "caching": "ReadWrite",
            "create_option": "Attach",
            "id": "/subscriptions/3423e856-3fd7-427a-82f5-39d44c9bd937/resourceGroups/9123-RG/providers/Microsoft.Compute/virtualMachines/linux-n01649123-vm2/dataDisks/datadisk-9123-datadisk-1",
            "lun": 1,
            "managed_disk_id": "/subscriptions/3423e856-3fd7-427a-82f5-39d44c9bd937/resourceGroups/9123-RG/providers/Microsoft.Compute/disks/datadisk-9123-datadisk-1",
            "timeouts": null,
            "virtual_machine_id": "/subscriptions/3423e856-3fd7-427a-82f5-39d44c9bd937/resourceGroups/9123-RG/providers/Microsoft.Compute/virtualMachines/linux-n01649123-vm2",
            "write_accelerator_enabled": false
          },
          "sensitive_attributes": [],
          "private": "eyJlMmJmYjczMC1lY2FhLTExZTYtOGY4OC0zNDM2M2JjN2M0YzAiOnsiY3JlYXRlIjoxODAwMDAwMDAwMDAwLCJkZWxldGUiOjE4MDAwMDAwMDAwMDAsInJlYWQiOjMwMDAwMDAwMDAwMCwidXBkYXRlIjoxODAwMDAwMDAwMDAwfX0=",
          "dependencies": [
            "module.datadisks-n01649123.azurerm_managed_disk.data_disks",
            "module.linux-n01649123.azurerm_availability_set.linux_avs",
            "module.linux-n01649123.azurerm_linux_virtual_machine.vmlinux",
            "module.linux-n01649123.azurerm_network_interface.linux_nic",
            "module.linux-n01649123.azurerm_public_ip.linux_pip",
            "module.network-n01649123.azurerm_subnet.subnet",
            "module.network-n01649123.azurerm_virtual_network.vnet",
            "module.rgroup-n01649123.azurerm_resource_group.rg"
          ]
        },
        {
          "index_key": 2,
          "schema_version": 0,
          "attributes": {
            "caching": "ReadWrite",
            "create_option": "Attach",
            "id": "/subscriptions/3423e856-3fd7-427a-82f5-39d44c9bd937/resourceGroups/9123-RG/providers/Microsoft.Compute/virtualMachines/linux-n01649123-vm3/dataDisks/datadisk-9123-datadisk-2",
            "lun": 2,
            "managed_disk_id": "/subscriptions/3423e856-3fd7-427a-82f5-39d44c9bd937/resourceGroups/9123-RG/providers/Microsoft.Compute/disks/datadisk-9123-datadisk-2",
            "timeouts": null,
            "virtual_machine_id": "/subscriptions/3423e856-3fd7-427a-82f5-39d44c9bd937/resourceGroups/9123-RG/providers/Microsoft.Compute/virtualMachines/linux-n01649123-vm3",
            "write_accelerator_enabled": false
          },
          "sensitive_attributes": [],
          "private": "eyJlMmJmYjczMC1lY2FhLTExZTYtOGY4OC0zNDM2M2JjN2M0YzAiOnsiY3JlYXRlIjoxODAwMDAwMDAwMDAwLCJkZWxldGUiOjE4MDAwMDAwMDAwMDAsInJlYWQiOjMwMDAwMDAwMDAwMCwidXBkYXRlIjoxODAwMDAwMDAwMDAwfX0=",
          "dependencies": [
            "module.datadisks-n01649123.azurerm_managed_disk.data_disks",
            "module.linux-n01649123.azurerm_availability_set.linux_avs",
            "module.linux-n01649123.azurerm_linux_virtual_machine.vmlinux",
            "module.linux-n01649123.azurerm_network_interface.linux_nic",
            "module.linux-n01649123.azurerm_public_ip.linux_pip",
            "module.network-n01649123.azurerm_subnet.subnet",
            "module.network-n01649123.azurerm_virtual_network.vnet",
            "module.rgroup-n01649123.azurerm_resource_group.rg"
          ]
        }
      ]
    },
    {
      "module": "module.datadisks-n01649123",
      "mode": "managed",
      "type": "azurerm_virtual_machine_data_disk_attachment",
      "name": "windows_vm_disk",
      "provider": "provider[\"registry.terraform.io/hashicorp/azurerm\"]",
      "instances": [
        {
          "index_key": 0,
          "schema_version": 0,
          "attributes": {
            "caching": "ReadWrite",
            "create_option": "Attach",
            "id": "/subscriptions/3423e856-3fd7-427a-82f5-39d44c9bd937/resourceGroups/9123-RG/providers/Microsoft.Compute/virtualMachines/win-9123-vm1/dataDisks/datadisk-9123-datadisk-3",
            "lun": 0,
            "managed_disk_id": "/subscriptions/3423e856-3fd7-427a-82f5-39d44c9bd937/resourceGroups/9123-RG/providers/Microsoft.Compute/disks/datadisk-9123-datadisk-3",
            "timeouts": null,
            "virtual_machine_id": "/subscriptions/3423e856-3fd7-427a-82f5-39d44c9bd937/resourceGroups/9123-RG/providers/Microsoft.Compute/virtualMachines/win-9123-vm1",
            "write_accelerator_enabled": false
          },
          "sensitive_attributes": [],
          "private": "eyJlMmJmYjczMC1lY2FhLTExZTYtOGY4OC0zNDM2M2JjN2M0YzAiOnsiY3JlYXRlIjoxODAwMDAwMDAwMDAwLCJkZWxldGUiOjE4MDAwMDAwMDAwMDAsInJlYWQiOjMwMDAwMDAwMDAwMCwidXBkYXRlIjoxODAwMDAwMDAwMDAwfX0=",
          "dependencies": [
            "module.datadisks-n01649123.azurerm_managed_disk.data_disks",
            "module.network-n01649123.azurerm_subnet.subnet",
            "module.network-n01649123.azurerm_virtual_network.vnet",
            "module.rgroup-n01649123.azurerm_resource_group.rg",
            "module.windows-n01649123.azurerm_availability_set.windows_avs",
            "module.windows-n01649123.azurerm_network_interface.windows_nic",
            "module.windows-n01649123.azurerm_public_ip.windows_pip",
            "module.windows-n01649123.azurerm_windows_virtual_machine.vmwindows"
          ]
        }
      ]
    },
    {
      "module": "module.linux-n01649123",
      "mode": "managed",
      "type": "azurerm_availability_set",
      "name": "linux_avs",
      "provider": "provider[\"registry.terraform.io/hashicorp/azurerm\"]",
      "instances": [
        {
          "schema_version": 0,
          "attributes": {
            "id": "/subscriptions/3423e856-3fd7-427a-82f5-39d44c9bd937/resourceGroups/9123-RG/providers/Microsoft.Compute/availabilitySets/linux-avs",
            "location": "canadacentral",
            "managed": true,
            "name": "linux-avs",
            "platform_fault_domain_count": 2,
            "platform_update_domain_count": 5,
            "proximity_placement_group_id": null,
            "resource_group_name": "9123-RG",
            "tags": null,
            "timeouts": null
          },
          "sensitive_attributes": [],
          "private": "eyJlMmJmYjczMC1lY2FhLTExZTYtOGY4OC0zNDM2M2JjN2M0YzAiOnsiY3JlYXRlIjoxODAwMDAwMDAwMDAwLCJkZWxldGUiOjE4MDAwMDAwMDAwMDAsInJlYWQiOjMwMDAwMDAwMDAwMCwidXBkYXRlIjoxODAwMDAwMDAwMDAwfX0=",
          "dependencies": [
            "module.rgroup-n01649123.azurerm_resource_group.rg"
          ]
        }
      ]
    },
    {
      "module": "module.linux-n01649123",
      "mode": "managed",
      "type": "azurerm_linux_virtual_machine",
      "name": "vmlinux",
      "provider": "provider[\"registry.terraform.io/hashicorp/azurerm\"]",
      "instances": [
        {
          "index_key": "n01649123-vm1",
          "schema_version": 0,
          "attributes": {
            "additional_capabilities": [],
            "admin_password": null,
            "admin_ssh_key": [
              {
                "public_key": "ssh-rsa AAAAB3NzaC1yc2EAAAADAQABAAABgQDakdpypeksq61d82pHC7LW8rHNjsok2Y6ZirjpSdwmdac1iRD4CoNRKHcCqpFUDmQ7k4QbjrBBI9sjn35NJMYm1zSGDZo+7/f2VEOZabyovCUzWiZOMkn8WctXno3y80mzmdtLSefFNhJLof6y/L2sbsFyBVKlAopr8GLhX0+a5MCYKYzBifIXJmdgHqOuSCtS8RjZV9pWky+fLWYlDbryCIdbB8xV7/3RiLcYrQhaT3EaCSCKgWm9UEIqU3FEGgJxG9IZDbpBwKvmRQ3a1fZvj3prQUSLVEC0fPThyx9H7eEPbGkgFAdy13g3HAXpgi9+7MnAr4nKxtwKF537WeUm25nrFWY0PWDm8xQoxEfRAn6+uv3MrtofUjKV6SXHQZTCFEiyQGkAK52nAAKsFQ3qa6c1ZQjVHJwAcqA6kjnGto4ggvqQ0VzFkLqoWfEQldr89eZy7rc5lXtAX/J1JT+Oox9EaloTlYMAAijMNkIvj/TV2cwaD60g68xvaXcTfo0= n01649123@DESKTOP-FKB144I\n",
                "username": "n01649123"
              }
            ],
            "admin_username": "n01649123",
            "allow_extension_operations": true,
            "availability_set_id": "/subscriptions/3423e856-3fd7-427a-82f5-39d44c9bd937/resourceGroups/9123-RG/providers/Microsoft.Compute/availabilitySets/LINUX-AVS",
            "boot_diagnostics": [],
            "capacity_reservation_group_id": "",
            "computer_name": "n01649123-vm1",
            "custom_data": null,
            "dedicated_host_group_id": "",
            "dedicated_host_id": "",
            "disable_password_authentication": true,
            "edge_zone": "",
            "encryption_at_host_enabled": false,
            "eviction_policy": "",
            "extensions_time_budget": "PT1H30M",
            "gallery_application": [],
            "id": "/subscriptions/3423e856-3fd7-427a-82f5-39d44c9bd937/resourceGroups/9123-RG/providers/Microsoft.Compute/virtualMachines/linux-n01649123-vm1",
            "identity": [],
            "license_type": "",
            "location": "canadacentral",
            "max_bid_price": -1,
            "name": "linux-n01649123-vm1",
            "network_interface_ids": [
              "/subscriptions/3423e856-3fd7-427a-82f5-39d44c9bd937/resourceGroups/9123-RG/providers/Microsoft.Network/networkInterfaces/n01649123-vm1-nic"
            ],
            "os_disk": [
              {
                "caching": "ReadWrite",
                "diff_disk_settings": [],
                "disk_encryption_set_id": "",
                "disk_size_gb": 30,
                "name": "n01649123-vm1-os-disk",
                "secure_vm_disk_encryption_set_id": "",
                "security_encryption_type": "",
                "storage_account_type": "Standard_LRS",
                "write_accelerator_enabled": false
              }
            ],
            "patch_assessment_mode": "ImageDefault",
            "patch_mode": "ImageDefault",
            "plan": [],
            "platform_fault_domain": -1,
            "priority": "Regular",
            "private_ip_address": "10.0.1.5",
            "private_ip_addresses": [
              "10.0.1.5"
            ],
            "provision_vm_agent": true,
            "proximity_placement_group_id": "",
            "public_ip_address": "4.206.145.96",
            "public_ip_addresses": [
              "4.206.145.96"
            ],
            "resource_group_name": "9123-RG",
            "secret": [],
            "secure_boot_enabled": false,
            "size": "Standard_B1ms",
            "source_image_id": "",
            "source_image_reference": [
              {
                "offer": "CentOS",
                "publisher": "OpenLogic",
                "sku": "8_4",
                "version": "latest"
              }
            ],
            "tags": null,
            "termination_notification": null,
            "timeouts": null,
            "user_data": "",
            "virtual_machine_id": "161d5495-9e3a-492f-8b47-455b1befb82a",
            "virtual_machine_scale_set_id": "",
            "vtpm_enabled": false,
            "zone": ""
          },
          "sensitive_attributes": [
            [
              {
                "type": "get_attr",
                "value": "custom_data"
              }
            ],
            [
              {
                "type": "get_attr",
                "value": "admin_password"
              }
            ]
          ],
          "private": "eyJlMmJmYjczMC1lY2FhLTExZTYtOGY4OC0zNDM2M2JjN2M0YzAiOnsiY3JlYXRlIjoyNzAwMDAwMDAwMDAwLCJkZWxldGUiOjI3MDAwMDAwMDAwMDAsInJlYWQiOjMwMDAwMDAwMDAwMCwidXBkYXRlIjoyNzAwMDAwMDAwMDAwfX0=",
          "dependencies": [
            "module.linux-n01649123.azurerm_availability_set.linux_avs",
            "module.linux-n01649123.azurerm_network_interface.linux_nic",
            "module.linux-n01649123.azurerm_public_ip.linux_pip",
            "module.network-n01649123.azurerm_subnet.subnet",
            "module.network-n01649123.azurerm_virtual_network.vnet",
            "module.rgroup-n01649123.azurerm_resource_group.rg"
          ]
        },
        {
          "index_key": "n01649123-vm2",
          "schema_version": 0,
          "attributes": {
            "additional_capabilities": [],
            "admin_password": null,
            "admin_ssh_key": [
              {
                "public_key": "ssh-rsa AAAAB3NzaC1yc2EAAAADAQABAAABgQDakdpypeksq61d82pHC7LW8rHNjsok2Y6ZirjpSdwmdac1iRD4CoNRKHcCqpFUDmQ7k4QbjrBBI9sjn35NJMYm1zSGDZo+7/f2VEOZabyovCUzWiZOMkn8WctXno3y80mzmdtLSefFNhJLof6y/L2sbsFyBVKlAopr8GLhX0+a5MCYKYzBifIXJmdgHqOuSCtS8RjZV9pWky+fLWYlDbryCIdbB8xV7/3RiLcYrQhaT3EaCSCKgWm9UEIqU3FEGgJxG9IZDbpBwKvmRQ3a1fZvj3prQUSLVEC0fPThyx9H7eEPbGkgFAdy13g3HAXpgi9+7MnAr4nKxtwKF537WeUm25nrFWY0PWDm8xQoxEfRAn6+uv3MrtofUjKV6SXHQZTCFEiyQGkAK52nAAKsFQ3qa6c1ZQjVHJwAcqA6kjnGto4ggvqQ0VzFkLqoWfEQldr89eZy7rc5lXtAX/J1JT+Oox9EaloTlYMAAijMNkIvj/TV2cwaD60g68xvaXcTfo0= n01649123@DESKTOP-FKB144I\n",
                "username": "n01649123"
              }
            ],
            "admin_username": "n01649123",
            "allow_extension_operations": true,
            "availability_set_id": "/subscriptions/3423e856-3fd7-427a-82f5-39d44c9bd937/resourceGroups/9123-RG/providers/Microsoft.Compute/availabilitySets/LINUX-AVS",
            "boot_diagnostics": [],
            "capacity_reservation_group_id": "",
            "computer_name": "n01649123-vm2",
            "custom_data": null,
            "dedicated_host_group_id": "",
            "dedicated_host_id": "",
            "disable_password_authentication": true,
            "edge_zone": "",
            "encryption_at_host_enabled": false,
            "eviction_policy": "",
            "extensions_time_budget": "PT1H30M",
            "gallery_application": [],
            "id": "/subscriptions/3423e856-3fd7-427a-82f5-39d44c9bd937/resourceGroups/9123-RG/providers/Microsoft.Compute/virtualMachines/linux-n01649123-vm2",
            "identity": [],
            "license_type": "",
            "location": "canadacentral",
            "max_bid_price": -1,
            "name": "linux-n01649123-vm2",
            "network_interface_ids": [
              "/subscriptions/3423e856-3fd7-427a-82f5-39d44c9bd937/resourceGroups/9123-RG/providers/Microsoft.Network/networkInterfaces/n01649123-vm2-nic"
            ],
            "os_disk": [
              {
                "caching": "ReadWrite",
                "diff_disk_settings": [],
                "disk_encryption_set_id": "",
                "disk_size_gb": 30,
                "name": "n01649123-vm2-os-disk",
                "secure_vm_disk_encryption_set_id": "",
                "security_encryption_type": "",
                "storage_account_type": "Standard_LRS",
                "write_accelerator_enabled": false
              }
            ],
            "patch_assessment_mode": "ImageDefault",
            "patch_mode": "ImageDefault",
            "plan": [],
            "platform_fault_domain": -1,
            "priority": "Regular",
            "private_ip_address": "10.0.1.4",
            "private_ip_addresses": [
              "10.0.1.4"
            ],
            "provision_vm_agent": true,
            "proximity_placement_group_id": "",
            "public_ip_address": "4.206.144.11",
            "public_ip_addresses": [
              "4.206.144.11"
            ],
            "resource_group_name": "9123-RG",
            "secret": [],
            "secure_boot_enabled": false,
            "size": "Standard_B1ms",
            "source_image_id": "",
            "source_image_reference": [
              {
                "offer": "CentOS",
                "publisher": "OpenLogic",
                "sku": "8_4",
                "version": "latest"
              }
            ],
            "tags": null,
            "termination_notification": null,
            "timeouts": null,
            "user_data": "",
            "virtual_machine_id": "6812a109-63b3-4777-849f-d70f3a9f8c61",
            "virtual_machine_scale_set_id": "",
            "vtpm_enabled": false,
            "zone": ""
          },
          "sensitive_attributes": [
            [
              {
                "type": "get_attr",
                "value": "admin_password"
              }
            ],
            [
              {
                "type": "get_attr",
                "value": "custom_data"
              }
            ]
          ],
          "private": "eyJlMmJmYjczMC1lY2FhLTExZTYtOGY4OC0zNDM2M2JjN2M0YzAiOnsiY3JlYXRlIjoyNzAwMDAwMDAwMDAwLCJkZWxldGUiOjI3MDAwMDAwMDAwMDAsInJlYWQiOjMwMDAwMDAwMDAwMCwidXBkYXRlIjoyNzAwMDAwMDAwMDAwfX0=",
          "dependencies": [
            "module.linux-n01649123.azurerm_availability_set.linux_avs",
            "module.linux-n01649123.azurerm_network_interface.linux_nic",
            "module.linux-n01649123.azurerm_public_ip.linux_pip",
            "module.network-n01649123.azurerm_subnet.subnet",
            "module.network-n01649123.azurerm_virtual_network.vnet",
            "module.rgroup-n01649123.azurerm_resource_group.rg"
          ]
        },
        {
          "index_key": "n01649123-vm3",
          "schema_version": 0,
          "attributes": {
            "additional_capabilities": [],
            "admin_password": null,
            "admin_ssh_key": [
              {
                "public_key": "ssh-rsa AAAAB3NzaC1yc2EAAAADAQABAAABgQDakdpypeksq61d82pHC7LW8rHNjsok2Y6ZirjpSdwmdac1iRD4CoNRKHcCqpFUDmQ7k4QbjrBBI9sjn35NJMYm1zSGDZo+7/f2VEOZabyovCUzWiZOMkn8WctXno3y80mzmdtLSefFNhJLof6y/L2sbsFyBVKlAopr8GLhX0+a5MCYKYzBifIXJmdgHqOuSCtS8RjZV9pWky+fLWYlDbryCIdbB8xV7/3RiLcYrQhaT3EaCSCKgWm9UEIqU3FEGgJxG9IZDbpBwKvmRQ3a1fZvj3prQUSLVEC0fPThyx9H7eEPbGkgFAdy13g3HAXpgi9+7MnAr4nKxtwKF537WeUm25nrFWY0PWDm8xQoxEfRAn6+uv3MrtofUjKV6SXHQZTCFEiyQGkAK52nAAKsFQ3qa6c1ZQjVHJwAcqA6kjnGto4ggvqQ0VzFkLqoWfEQldr89eZy7rc5lXtAX/J1JT+Oox9EaloTlYMAAijMNkIvj/TV2cwaD60g68xvaXcTfo0= n01649123@DESKTOP-FKB144I\n",
                "username": "n01649123"
              }
            ],
            "admin_username": "n01649123",
            "allow_extension_operations": true,
            "availability_set_id": "/subscriptions/3423e856-3fd7-427a-82f5-39d44c9bd937/resourceGroups/9123-RG/providers/Microsoft.Compute/availabilitySets/LINUX-AVS",
            "boot_diagnostics": [],
            "capacity_reservation_group_id": "",
            "computer_name": "n01649123-vm3",
            "custom_data": null,
            "dedicated_host_group_id": "",
            "dedicated_host_id": "",
            "disable_password_authentication": true,
            "edge_zone": "",
            "encryption_at_host_enabled": false,
            "eviction_policy": "",
            "extensions_time_budget": "PT1H30M",
            "gallery_application": [],
            "id": "/subscriptions/3423e856-3fd7-427a-82f5-39d44c9bd937/resourceGroups/9123-RG/providers/Microsoft.Compute/virtualMachines/linux-n01649123-vm3",
            "identity": [],
            "license_type": "",
            "location": "canadacentral",
            "max_bid_price": -1,
            "name": "linux-n01649123-vm3",
            "network_interface_ids": [
              "/subscriptions/3423e856-3fd7-427a-82f5-39d44c9bd937/resourceGroups/9123-RG/providers/Microsoft.Network/networkInterfaces/n01649123-vm3-nic"
            ],
            "os_disk": [
              {
                "caching": "ReadWrite",
                "diff_disk_settings": [],
                "disk_encryption_set_id": "",
                "disk_size_gb": 30,
                "name": "n01649123-vm3-os-disk",
                "secure_vm_disk_encryption_set_id": "",
                "security_encryption_type": "",
                "storage_account_type": "Standard_LRS",
                "write_accelerator_enabled": false
              }
            ],
            "patch_assessment_mode": "ImageDefault",
            "patch_mode": "ImageDefault",
            "plan": [],
            "platform_fault_domain": -1,
            "priority": "Regular",
            "private_ip_address": "10.0.1.6",
            "private_ip_addresses": [
              "10.0.1.6"
            ],
            "provision_vm_agent": true,
            "proximity_placement_group_id": "",
            "public_ip_address": "4.206.149.165",
            "public_ip_addresses": [
              "4.206.149.165"
            ],
            "resource_group_name": "9123-RG",
            "secret": [],
            "secure_boot_enabled": false,
            "size": "Standard_B1ms",
            "source_image_id": "",
            "source_image_reference": [
              {
                "offer": "CentOS",
                "publisher": "OpenLogic",
                "sku": "8_4",
                "version": "latest"
              }
            ],
            "tags": null,
            "termination_notification": null,
            "timeouts": null,
            "user_data": "",
            "virtual_machine_id": "912db226-6d69-43b7-b107-0a9632be750f",
            "virtual_machine_scale_set_id": "",
            "vtpm_enabled": false,
            "zone": ""
          },
          "sensitive_attributes": [
            [
              {
                "type": "get_attr",
                "value": "admin_password"
              }
            ],
            [
              {
                "type": "get_attr",
                "value": "custom_data"
              }
            ]
          ],
          "private": "eyJlMmJmYjczMC1lY2FhLTExZTYtOGY4OC0zNDM2M2JjN2M0YzAiOnsiY3JlYXRlIjoyNzAwMDAwMDAwMDAwLCJkZWxldGUiOjI3MDAwMDAwMDAwMDAsInJlYWQiOjMwMDAwMDAwMDAwMCwidXBkYXRlIjoyNzAwMDAwMDAwMDAwfX0=",
          "dependencies": [
            "module.linux-n01649123.azurerm_availability_set.linux_avs",
            "module.linux-n01649123.azurerm_network_interface.linux_nic",
            "module.linux-n01649123.azurerm_public_ip.linux_pip",
            "module.network-n01649123.azurerm_subnet.subnet",
            "module.network-n01649123.azurerm_virtual_network.vnet",
            "module.rgroup-n01649123.azurerm_resource_group.rg"
          ]
        }
      ]
    },
    {
      "module": "module.linux-n01649123",
      "mode": "managed",
      "type": "azurerm_network_interface",
      "name": "linux_nic",
      "provider": "provider[\"registry.terraform.io/hashicorp/azurerm\"]",
      "instances": [
        {
          "index_key": "n01649123-vm1",
          "schema_version": 0,
          "attributes": {
            "applied_dns_servers": [],
            "dns_servers": [],
            "edge_zone": "",
            "enable_accelerated_networking": false,
            "enable_ip_forwarding": false,
            "id": "/subscriptions/3423e856-3fd7-427a-82f5-39d44c9bd937/resourceGroups/9123-RG/providers/Microsoft.Network/networkInterfaces/n01649123-vm1-nic",
            "internal_dns_name_label": "",
            "internal_domain_name_suffix": "a4yvtuvzwhsu5nzwremvcbvjqb.ux.internal.cloudapp.net",
            "ip_configuration": [
              {
                "gateway_load_balancer_frontend_ip_configuration_id": "",
                "name": "n01649123-vm1-ipconfig",
                "primary": true,
                "private_ip_address": "10.0.1.5",
                "private_ip_address_allocation": "Dynamic",
                "private_ip_address_version": "IPv4",
                "public_ip_address_id": "/subscriptions/3423e856-3fd7-427a-82f5-39d44c9bd937/resourceGroups/9123-RG/providers/Microsoft.Network/publicIPAddresses/n01649123-vm1-pip",
                "subnet_id": "/subscriptions/3423e856-3fd7-427a-82f5-39d44c9bd937/resourceGroups/9123-RG/providers/Microsoft.Network/virtualNetworks/9123-VNET/subnets/9123-SUBNET"
              }
            ],
            "location": "canadacentral",
            "mac_address": "",
            "name": "n01649123-vm1-nic",
            "private_ip_address": "10.0.1.5",
            "private_ip_addresses": [
              "10.0.1.5"
            ],
            "resource_group_name": "9123-RG",
            "tags": null,
            "timeouts": null,
            "virtual_machine_id": ""
          },
          "sensitive_attributes": [],
          "private": "eyJlMmJmYjczMC1lY2FhLTExZTYtOGY4OC0zNDM2M2JjN2M0YzAiOnsiY3JlYXRlIjoxODAwMDAwMDAwMDAwLCJkZWxldGUiOjE4MDAwMDAwMDAwMDAsInJlYWQiOjMwMDAwMDAwMDAwMCwidXBkYXRlIjoxODAwMDAwMDAwMDAwfX0=",
          "dependencies": [
            "module.linux-n01649123.azurerm_public_ip.linux_pip",
            "module.network-n01649123.azurerm_subnet.subnet",
            "module.network-n01649123.azurerm_virtual_network.vnet",
            "module.rgroup-n01649123.azurerm_resource_group.rg"
          ]
        },
        {
          "index_key": "n01649123-vm2",
          "schema_version": 0,
          "attributes": {
            "applied_dns_servers": [],
            "dns_servers": [],
            "edge_zone": "",
            "enable_accelerated_networking": false,
            "enable_ip_forwarding": false,
            "id": "/subscriptions/3423e856-3fd7-427a-82f5-39d44c9bd937/resourceGroups/9123-RG/providers/Microsoft.Network/networkInterfaces/n01649123-vm2-nic",
            "internal_dns_name_label": "",
            "internal_domain_name_suffix": "a4yvtuvzwhsu5nzwremvcbvjqb.ux.internal.cloudapp.net",
            "ip_configuration": [
              {
                "gateway_load_balancer_frontend_ip_configuration_id": "",
                "name": "n01649123-vm2-ipconfig",
                "primary": true,
                "private_ip_address": "10.0.1.4",
                "private_ip_address_allocation": "Dynamic",
                "private_ip_address_version": "IPv4",
                "public_ip_address_id": "/subscriptions/3423e856-3fd7-427a-82f5-39d44c9bd937/resourceGroups/9123-RG/providers/Microsoft.Network/publicIPAddresses/n01649123-vm2-pip",
                "subnet_id": "/subscriptions/3423e856-3fd7-427a-82f5-39d44c9bd937/resourceGroups/9123-RG/providers/Microsoft.Network/virtualNetworks/9123-VNET/subnets/9123-SUBNET"
              }
            ],
            "location": "canadacentral",
            "mac_address": "",
            "name": "n01649123-vm2-nic",
            "private_ip_address": "10.0.1.4",
            "private_ip_addresses": [
              "10.0.1.4"
            ],
            "resource_group_name": "9123-RG",
            "tags": null,
            "timeouts": null,
            "virtual_machine_id": ""
          },
          "sensitive_attributes": [],
          "private": "eyJlMmJmYjczMC1lY2FhLTExZTYtOGY4OC0zNDM2M2JjN2M0YzAiOnsiY3JlYXRlIjoxODAwMDAwMDAwMDAwLCJkZWxldGUiOjE4MDAwMDAwMDAwMDAsInJlYWQiOjMwMDAwMDAwMDAwMCwidXBkYXRlIjoxODAwMDAwMDAwMDAwfX0=",
          "dependencies": [
            "module.linux-n01649123.azurerm_public_ip.linux_pip",
            "module.network-n01649123.azurerm_subnet.subnet",
            "module.network-n01649123.azurerm_virtual_network.vnet",
            "module.rgroup-n01649123.azurerm_resource_group.rg"
          ]
        },
        {
          "index_key": "n01649123-vm3",
          "schema_version": 0,
          "attributes": {
            "applied_dns_servers": [],
            "dns_servers": [],
            "edge_zone": "",
            "enable_accelerated_networking": false,
            "enable_ip_forwarding": false,
            "id": "/subscriptions/3423e856-3fd7-427a-82f5-39d44c9bd937/resourceGroups/9123-RG/providers/Microsoft.Network/networkInterfaces/n01649123-vm3-nic",
            "internal_dns_name_label": "",
            "internal_domain_name_suffix": "a4yvtuvzwhsu5nzwremvcbvjqb.ux.internal.cloudapp.net",
            "ip_configuration": [
              {
                "gateway_load_balancer_frontend_ip_configuration_id": "",
                "name": "n01649123-vm3-ipconfig",
                "primary": true,
                "private_ip_address": "10.0.1.6",
                "private_ip_address_allocation": "Dynamic",
                "private_ip_address_version": "IPv4",
                "public_ip_address_id": "/subscriptions/3423e856-3fd7-427a-82f5-39d44c9bd937/resourceGroups/9123-RG/providers/Microsoft.Network/publicIPAddresses/n01649123-vm3-pip",
                "subnet_id": "/subscriptions/3423e856-3fd7-427a-82f5-39d44c9bd937/resourceGroups/9123-RG/providers/Microsoft.Network/virtualNetworks/9123-VNET/subnets/9123-SUBNET"
              }
            ],
            "location": "canadacentral",
            "mac_address": "",
            "name": "n01649123-vm3-nic",
            "private_ip_address": "10.0.1.6",
            "private_ip_addresses": [
              "10.0.1.6"
            ],
            "resource_group_name": "9123-RG",
            "tags": null,
            "timeouts": null,
            "virtual_machine_id": ""
          },
          "sensitive_attributes": [],
          "private": "eyJlMmJmYjczMC1lY2FhLTExZTYtOGY4OC0zNDM2M2JjN2M0YzAiOnsiY3JlYXRlIjoxODAwMDAwMDAwMDAwLCJkZWxldGUiOjE4MDAwMDAwMDAwMDAsInJlYWQiOjMwMDAwMDAwMDAwMCwidXBkYXRlIjoxODAwMDAwMDAwMDAwfX0=",
          "dependencies": [
            "module.linux-n01649123.azurerm_public_ip.linux_pip",
            "module.network-n01649123.azurerm_subnet.subnet",
            "module.network-n01649123.azurerm_virtual_network.vnet",
            "module.rgroup-n01649123.azurerm_resource_group.rg"
          ]
        }
      ]
    },
    {
      "module": "module.linux-n01649123",
      "mode": "managed",
      "type": "azurerm_public_ip",
      "name": "linux_pip",
      "provider": "provider[\"registry.terraform.io/hashicorp/azurerm\"]",
      "instances": [
        {
          "index_key": "n01649123-vm1",
          "schema_version": 0,
          "attributes": {
            "allocation_method": "Dynamic",
            "ddos_protection_mode": "VirtualNetworkInherited",
            "ddos_protection_plan_id": null,
            "domain_name_label": "n01649123-vm1-pip",
            "edge_zone": "",
            "fqdn": "n01649123-vm1-pip.canadacentral.cloudapp.azure.com",
            "id": "/subscriptions/3423e856-3fd7-427a-82f5-39d44c9bd937/resourceGroups/9123-RG/providers/Microsoft.Network/publicIPAddresses/n01649123-vm1-pip",
            "idle_timeout_in_minutes": 4,
            "ip_address": "",
            "ip_tags": null,
            "ip_version": "IPv4",
            "location": "canadacentral",
            "name": "n01649123-vm1-pip",
            "public_ip_prefix_id": null,
            "resource_group_name": "9123-RG",
            "reverse_fqdn": "",
            "sku": "Basic",
            "sku_tier": "Regional",
            "tags": null,
            "timeouts": null,
            "zones": null
          },
          "sensitive_attributes": [],
          "private": "eyJlMmJmYjczMC1lY2FhLTExZTYtOGY4OC0zNDM2M2JjN2M0YzAiOnsiY3JlYXRlIjoxODAwMDAwMDAwMDAwLCJkZWxldGUiOjE4MDAwMDAwMDAwMDAsInJlYWQiOjMwMDAwMDAwMDAwMCwidXBkYXRlIjoxODAwMDAwMDAwMDAwfX0=",
          "dependencies": [
            "module.rgroup-n01649123.azurerm_resource_group.rg"
          ]
        },
        {
          "index_key": "n01649123-vm2",
          "schema_version": 0,
          "attributes": {
            "allocation_method": "Dynamic",
            "ddos_protection_mode": "VirtualNetworkInherited",
            "ddos_protection_plan_id": null,
            "domain_name_label": "n01649123-vm2-pip",
            "edge_zone": "",
            "fqdn": "n01649123-vm2-pip.canadacentral.cloudapp.azure.com",
            "id": "/subscriptions/3423e856-3fd7-427a-82f5-39d44c9bd937/resourceGroups/9123-RG/providers/Microsoft.Network/publicIPAddresses/n01649123-vm2-pip",
            "idle_timeout_in_minutes": 4,
            "ip_address": "",
            "ip_tags": null,
            "ip_version": "IPv4",
            "location": "canadacentral",
            "name": "n01649123-vm2-pip",
            "public_ip_prefix_id": null,
            "resource_group_name": "9123-RG",
            "reverse_fqdn": "",
            "sku": "Basic",
            "sku_tier": "Regional",
            "tags": null,
            "timeouts": null,
            "zones": null
          },
          "sensitive_attributes": [],
          "private": "eyJlMmJmYjczMC1lY2FhLTExZTYtOGY4OC0zNDM2M2JjN2M0YzAiOnsiY3JlYXRlIjoxODAwMDAwMDAwMDAwLCJkZWxldGUiOjE4MDAwMDAwMDAwMDAsInJlYWQiOjMwMDAwMDAwMDAwMCwidXBkYXRlIjoxODAwMDAwMDAwMDAwfX0=",
          "dependencies": [
            "module.rgroup-n01649123.azurerm_resource_group.rg"
          ]
        },
        {
          "index_key": "n01649123-vm3",
          "schema_version": 0,
          "attributes": {
            "allocation_method": "Dynamic",
            "ddos_protection_mode": "VirtualNetworkInherited",
            "ddos_protection_plan_id": null,
            "domain_name_label": "n01649123-vm3-pip",
            "edge_zone": "",
            "fqdn": "n01649123-vm3-pip.canadacentral.cloudapp.azure.com",
            "id": "/subscriptions/3423e856-3fd7-427a-82f5-39d44c9bd937/resourceGroups/9123-RG/providers/Microsoft.Network/publicIPAddresses/n01649123-vm3-pip",
            "idle_timeout_in_minutes": 4,
            "ip_address": "",
            "ip_tags": null,
            "ip_version": "IPv4",
            "location": "canadacentral",
            "name": "n01649123-vm3-pip",
            "public_ip_prefix_id": null,
            "resource_group_name": "9123-RG",
            "reverse_fqdn": "",
            "sku": "Basic",
            "sku_tier": "Regional",
            "tags": null,
            "timeouts": null,
            "zones": null
          },
          "sensitive_attributes": [],
          "private": "eyJlMmJmYjczMC1lY2FhLTExZTYtOGY4OC0zNDM2M2JjN2M0YzAiOnsiY3JlYXRlIjoxODAwMDAwMDAwMDAwLCJkZWxldGUiOjE4MDAwMDAwMDAwMDAsInJlYWQiOjMwMDAwMDAwMDAwMCwidXBkYXRlIjoxODAwMDAwMDAwMDAwfX0=",
          "dependencies": [
            "module.rgroup-n01649123.azurerm_resource_group.rg"
          ]
        }
      ]
    },
    {
      "module": "module.linux-n01649123",
      "mode": "managed",
      "type": "azurerm_virtual_machine_extension",
      "name": "AzureMonitorLinuxAgent",
      "provider": "provider[\"registry.terraform.io/hashicorp/azurerm\"]",
      "instances": [
        {
          "index_key": "n01649123-vm1",
          "schema_version": 0,
          "attributes": {
            "auto_upgrade_minor_version": false,
            "automatic_upgrade_enabled": false,
            "failure_suppression_enabled": false,
            "id": "/subscriptions/3423e856-3fd7-427a-82f5-39d44c9bd937/resourceGroups/9123-RG/providers/Microsoft.Compute/virtualMachines/linux-n01649123-vm1/extensions/NetworkWatcherAgentLinux",
            "name": "NetworkWatcherAgentLinux",
            "protected_settings": null,
            "protected_settings_from_key_vault": [],
            "publisher": "Microsoft.Azure.NetworkWatcher",
            "settings": null,
            "tags": null,
            "timeouts": null,
            "type": "NetworkWatcherAgentLinux",
            "type_handler_version": "1.4",
            "virtual_machine_id": "/subscriptions/3423e856-3fd7-427a-82f5-39d44c9bd937/resourceGroups/9123-RG/providers/Microsoft.Compute/virtualMachines/linux-n01649123-vm1"
          },
          "sensitive_attributes": [
            [
              {
                "type": "get_attr",
                "value": "protected_settings"
              }
            ]
          ],
          "private": "eyJlMmJmYjczMC1lY2FhLTExZTYtOGY4OC0zNDM2M2JjN2M0YzAiOnsiY3JlYXRlIjoxODAwMDAwMDAwMDAwLCJkZWxldGUiOjE4MDAwMDAwMDAwMDAsInJlYWQiOjMwMDAwMDAwMDAwMCwidXBkYXRlIjoxODAwMDAwMDAwMDAwfX0=",
          "dependencies": [
            "module.linux-n01649123.azurerm_availability_set.linux_avs",
            "module.linux-n01649123.azurerm_linux_virtual_machine.vmlinux",
            "module.linux-n01649123.azurerm_network_interface.linux_nic",
            "module.linux-n01649123.azurerm_public_ip.linux_pip",
            "module.network-n01649123.azurerm_subnet.subnet",
            "module.network-n01649123.azurerm_virtual_network.vnet",
            "module.rgroup-n01649123.azurerm_resource_group.rg"
          ]
        },
        {
          "index_key": "n01649123-vm2",
          "schema_version": 0,
          "attributes": {
            "auto_upgrade_minor_version": false,
            "automatic_upgrade_enabled": false,
            "failure_suppression_enabled": false,
            "id": "/subscriptions/3423e856-3fd7-427a-82f5-39d44c9bd937/resourceGroups/9123-RG/providers/Microsoft.Compute/virtualMachines/linux-n01649123-vm2/extensions/NetworkWatcherAgentLinux",
            "name": "NetworkWatcherAgentLinux",
            "protected_settings": null,
            "protected_settings_from_key_vault": [],
            "publisher": "Microsoft.Azure.NetworkWatcher",
            "settings": null,
            "tags": null,
            "timeouts": null,
            "type": "NetworkWatcherAgentLinux",
            "type_handler_version": "1.4",
            "virtual_machine_id": "/subscriptions/3423e856-3fd7-427a-82f5-39d44c9bd937/resourceGroups/9123-RG/providers/Microsoft.Compute/virtualMachines/linux-n01649123-vm2"
          },
          "sensitive_attributes": [
            [
              {
                "type": "get_attr",
                "value": "protected_settings"
              }
            ]
          ],
          "private": "eyJlMmJmYjczMC1lY2FhLTExZTYtOGY4OC0zNDM2M2JjN2M0YzAiOnsiY3JlYXRlIjoxODAwMDAwMDAwMDAwLCJkZWxldGUiOjE4MDAwMDAwMDAwMDAsInJlYWQiOjMwMDAwMDAwMDAwMCwidXBkYXRlIjoxODAwMDAwMDAwMDAwfX0=",
          "dependencies": [
            "module.linux-n01649123.azurerm_availability_set.linux_avs",
            "module.linux-n01649123.azurerm_linux_virtual_machine.vmlinux",
            "module.linux-n01649123.azurerm_network_interface.linux_nic",
            "module.linux-n01649123.azurerm_public_ip.linux_pip",
            "module.network-n01649123.azurerm_subnet.subnet",
            "module.network-n01649123.azurerm_virtual_network.vnet",
            "module.rgroup-n01649123.azurerm_resource_group.rg"
          ]
        },
        {
          "index_key": "n01649123-vm3",
          "schema_version": 0,
          "attributes": {
            "auto_upgrade_minor_version": false,
            "automatic_upgrade_enabled": false,
            "failure_suppression_enabled": false,
            "id": "/subscriptions/3423e856-3fd7-427a-82f5-39d44c9bd937/resourceGroups/9123-RG/providers/Microsoft.Compute/virtualMachines/linux-n01649123-vm3/extensions/NetworkWatcherAgentLinux",
            "name": "NetworkWatcherAgentLinux",
            "protected_settings": null,
            "protected_settings_from_key_vault": [],
            "publisher": "Microsoft.Azure.NetworkWatcher",
            "settings": null,
            "tags": null,
            "timeouts": null,
            "type": "NetworkWatcherAgentLinux",
            "type_handler_version": "1.4",
            "virtual_machine_id": "/subscriptions/3423e856-3fd7-427a-82f5-39d44c9bd937/resourceGroups/9123-RG/providers/Microsoft.Compute/virtualMachines/linux-n01649123-vm3"
          },
          "sensitive_attributes": [
            [
              {
                "type": "get_attr",
                "value": "protected_settings"
              }
            ]
          ],
          "private": "eyJlMmJmYjczMC1lY2FhLTExZTYtOGY4OC0zNDM2M2JjN2M0YzAiOnsiY3JlYXRlIjoxODAwMDAwMDAwMDAwLCJkZWxldGUiOjE4MDAwMDAwMDAwMDAsInJlYWQiOjMwMDAwMDAwMDAwMCwidXBkYXRlIjoxODAwMDAwMDAwMDAwfX0=",
          "dependencies": [
            "module.linux-n01649123.azurerm_availability_set.linux_avs",
            "module.linux-n01649123.azurerm_linux_virtual_machine.vmlinux",
            "module.linux-n01649123.azurerm_network_interface.linux_nic",
            "module.linux-n01649123.azurerm_public_ip.linux_pip",
            "module.network-n01649123.azurerm_subnet.subnet",
            "module.network-n01649123.azurerm_virtual_network.vnet",
            "module.rgroup-n01649123.azurerm_resource_group.rg"
          ]
        }
      ]
    },
    {
      "module": "module.linux-n01649123",
      "mode": "managed",
      "type": "azurerm_virtual_machine_extension",
      "name": "NetworkWatcherAgentLinux",
      "provider": "provider[\"registry.terraform.io/hashicorp/azurerm\"]",
      "instances": [
        {
          "index_key": "n01649123-vm1",
          "schema_version": 0,
          "attributes": {
            "auto_upgrade_minor_version": false,
            "automatic_upgrade_enabled": false,
            "failure_suppression_enabled": false,
            "id": "/subscriptions/3423e856-3fd7-427a-82f5-39d44c9bd937/resourceGroups/9123-RG/providers/Microsoft.Compute/virtualMachines/linux-n01649123-vm1/extensions/AzureMonitorLinuxAgent",
            "name": "AzureMonitorLinuxAgent",
            "protected_settings": null,
            "protected_settings_from_key_vault": [],
            "publisher": "Microsoft.Azure.Monitor",
            "settings": null,
            "tags": null,
            "timeouts": null,
            "type": "AzureMonitorLinuxAgent",
            "type_handler_version": "1.7",
            "virtual_machine_id": "/subscriptions/3423e856-3fd7-427a-82f5-39d44c9bd937/resourceGroups/9123-RG/providers/Microsoft.Compute/virtualMachines/linux-n01649123-vm1"
          },
          "sensitive_attributes": [
            [
              {
                "type": "get_attr",
                "value": "protected_settings"
              }
            ]
          ],
          "private": "eyJlMmJmYjczMC1lY2FhLTExZTYtOGY4OC0zNDM2M2JjN2M0YzAiOnsiY3JlYXRlIjoxODAwMDAwMDAwMDAwLCJkZWxldGUiOjE4MDAwMDAwMDAwMDAsInJlYWQiOjMwMDAwMDAwMDAwMCwidXBkYXRlIjoxODAwMDAwMDAwMDAwfX0=",
          "dependencies": [
            "module.linux-n01649123.azurerm_availability_set.linux_avs",
            "module.linux-n01649123.azurerm_linux_virtual_machine.vmlinux",
            "module.linux-n01649123.azurerm_network_interface.linux_nic",
            "module.linux-n01649123.azurerm_public_ip.linux_pip",
            "module.network-n01649123.azurerm_subnet.subnet",
            "module.network-n01649123.azurerm_virtual_network.vnet",
            "module.rgroup-n01649123.azurerm_resource_group.rg"
          ]
        },
        {
          "index_key": "n01649123-vm2",
          "schema_version": 0,
          "attributes": {
            "auto_upgrade_minor_version": false,
            "automatic_upgrade_enabled": false,
            "failure_suppression_enabled": false,
            "id": "/subscriptions/3423e856-3fd7-427a-82f5-39d44c9bd937/resourceGroups/9123-RG/providers/Microsoft.Compute/virtualMachines/linux-n01649123-vm2/extensions/AzureMonitorLinuxAgent",
            "name": "AzureMonitorLinuxAgent",
            "protected_settings": null,
            "protected_settings_from_key_vault": [],
            "publisher": "Microsoft.Azure.Monitor",
            "settings": null,
            "tags": null,
            "timeouts": null,
            "type": "AzureMonitorLinuxAgent",
            "type_handler_version": "1.7",
            "virtual_machine_id": "/subscriptions/3423e856-3fd7-427a-82f5-39d44c9bd937/resourceGroups/9123-RG/providers/Microsoft.Compute/virtualMachines/linux-n01649123-vm2"
          },
          "sensitive_attributes": [
            [
              {
                "type": "get_attr",
                "value": "protected_settings"
              }
            ]
          ],
          "private": "eyJlMmJmYjczMC1lY2FhLTExZTYtOGY4OC0zNDM2M2JjN2M0YzAiOnsiY3JlYXRlIjoxODAwMDAwMDAwMDAwLCJkZWxldGUiOjE4MDAwMDAwMDAwMDAsInJlYWQiOjMwMDAwMDAwMDAwMCwidXBkYXRlIjoxODAwMDAwMDAwMDAwfX0=",
          "dependencies": [
            "module.linux-n01649123.azurerm_availability_set.linux_avs",
            "module.linux-n01649123.azurerm_linux_virtual_machine.vmlinux",
            "module.linux-n01649123.azurerm_network_interface.linux_nic",
            "module.linux-n01649123.azurerm_public_ip.linux_pip",
            "module.network-n01649123.azurerm_subnet.subnet",
            "module.network-n01649123.azurerm_virtual_network.vnet",
            "module.rgroup-n01649123.azurerm_resource_group.rg"
          ]
        },
        {
          "index_key": "n01649123-vm3",
          "schema_version": 0,
          "attributes": {
            "auto_upgrade_minor_version": false,
            "automatic_upgrade_enabled": false,
            "failure_suppression_enabled": false,
            "id": "/subscriptions/3423e856-3fd7-427a-82f5-39d44c9bd937/resourceGroups/9123-RG/providers/Microsoft.Compute/virtualMachines/linux-n01649123-vm3/extensions/AzureMonitorLinuxAgent",
            "name": "AzureMonitorLinuxAgent",
            "protected_settings": null,
            "protected_settings_from_key_vault": [],
            "publisher": "Microsoft.Azure.Monitor",
            "settings": null,
            "tags": null,
            "timeouts": null,
            "type": "AzureMonitorLinuxAgent",
            "type_handler_version": "1.7",
            "virtual_machine_id": "/subscriptions/3423e856-3fd7-427a-82f5-39d44c9bd937/resourceGroups/9123-RG/providers/Microsoft.Compute/virtualMachines/linux-n01649123-vm3"
          },
          "sensitive_attributes": [
            [
              {
                "type": "get_attr",
                "value": "protected_settings"
              }
            ]
          ],
          "private": "eyJlMmJmYjczMC1lY2FhLTExZTYtOGY4OC0zNDM2M2JjN2M0YzAiOnsiY3JlYXRlIjoxODAwMDAwMDAwMDAwLCJkZWxldGUiOjE4MDAwMDAwMDAwMDAsInJlYWQiOjMwMDAwMDAwMDAwMCwidXBkYXRlIjoxODAwMDAwMDAwMDAwfX0=",
          "dependencies": [
            "module.linux-n01649123.azurerm_availability_set.linux_avs",
            "module.linux-n01649123.azurerm_linux_virtual_machine.vmlinux",
            "module.linux-n01649123.azurerm_network_interface.linux_nic",
            "module.linux-n01649123.azurerm_public_ip.linux_pip",
            "module.network-n01649123.azurerm_subnet.subnet",
            "module.network-n01649123.azurerm_virtual_network.vnet",
            "module.rgroup-n01649123.azurerm_resource_group.rg"
          ]
        }
      ]
    },
    {
      "module": "module.loadbalancer-n01649123",
      "mode": "managed",
      "type": "azurerm_lb",
      "name": "lb",
      "provider": "provider[\"registry.terraform.io/hashicorp/azurerm\"]",
      "instances": [
        {
          "schema_version": 0,
          "attributes": {
            "edge_zone": "",
            "frontend_ip_configuration": [
              {
                "gateway_load_balancer_frontend_ip_configuration_id": "",
                "id": "/subscriptions/3423e856-3fd7-427a-82f5-39d44c9bd937/resourceGroups/9123-RG/providers/Microsoft.Network/loadBalancers/lb-9123/frontendIPConfigurations/PublicIPAddress",
                "inbound_nat_rules": [],
                "load_balancer_rules": [],
                "name": "PublicIPAddress",
                "outbound_rules": [],
                "private_ip_address": "",
                "private_ip_address_allocation": "Dynamic",
                "private_ip_address_version": "",
                "public_ip_address_id": "/subscriptions/3423e856-3fd7-427a-82f5-39d44c9bd937/resourceGroups/9123-RG/providers/Microsoft.Network/publicIPAddresses/lb9123_public_ip",
                "public_ip_prefix_id": "",
                "subnet_id": "",
                "zones": null
              }
            ],
            "id": "/subscriptions/3423e856-3fd7-427a-82f5-39d44c9bd937/resourceGroups/9123-RG/providers/Microsoft.Network/loadBalancers/lb-9123",
            "location": "canadacentral",
            "name": "lb-9123",
            "private_ip_address": "",
            "private_ip_addresses": [],
            "resource_group_name": "9123-RG",
            "sku": "Basic",
            "sku_tier": "Regional",
            "tags": null,
            "timeouts": null
          },
          "sensitive_attributes": [],
          "private": "eyJlMmJmYjczMC1lY2FhLTExZTYtOGY4OC0zNDM2M2JjN2M0YzAiOnsiY3JlYXRlIjoxODAwMDAwMDAwMDAwLCJkZWxldGUiOjE4MDAwMDAwMDAwMDAsInJlYWQiOjMwMDAwMDAwMDAwMCwidXBkYXRlIjoxODAwMDAwMDAwMDAwfX0=",
          "dependencies": [
            "module.loadbalancer-n01649123.azurerm_public_ip.public_ip",
            "module.rgroup-n01649123.azurerm_resource_group.rg"
          ]
        }
      ]
    },
    {
      "module": "module.loadbalancer-n01649123",
      "mode": "managed",
      "type": "azurerm_lb_backend_address_pool",
      "name": "lb_backend_address_pool",
      "provider": "provider[\"registry.terraform.io/hashicorp/azurerm\"]",
      "instances": [
        {
          "schema_version": 0,
          "attributes": {
            "backend_ip_configurations": [],
            "id": "/subscriptions/3423e856-3fd7-427a-82f5-39d44c9bd937/resourceGroups/9123-RG/providers/Microsoft.Network/loadBalancers/lb-9123/backendAddressPools/lb9123_address_pool",
            "inbound_nat_rules": [],
            "load_balancing_rules": [],
            "loadbalancer_id": "/subscriptions/3423e856-3fd7-427a-82f5-39d44c9bd937/resourceGroups/9123-RG/providers/Microsoft.Network/loadBalancers/lb-9123",
            "name": "lb9123_address_pool",
            "outbound_rules": [],
            "timeouts": null,
            "tunnel_interface": [],
            "virtual_network_id": ""
          },
          "sensitive_attributes": [],
          "private": "eyJlMmJmYjczMC1lY2FhLTExZTYtOGY4OC0zNDM2M2JjN2M0YzAiOnsiY3JlYXRlIjoxODAwMDAwMDAwMDAwLCJkZWxldGUiOjE4MDAwMDAwMDAwMDAsInJlYWQiOjMwMDAwMDAwMDAwMCwidXBkYXRlIjoxODAwMDAwMDAwMDAwfX0=",
          "dependencies": [
            "module.loadbalancer-n01649123.azurerm_lb.lb",
            "module.loadbalancer-n01649123.azurerm_public_ip.public_ip",
            "module.rgroup-n01649123.azurerm_resource_group.rg"
          ]
        }
      ]
    },
    {
      "module": "module.loadbalancer-n01649123",
      "mode": "managed",
      "type": "azurerm_lb_probe",
      "name": "lb_probe",
      "provider": "provider[\"registry.terraform.io/hashicorp/azurerm\"]",
      "instances": [
        {
          "schema_version": 0,
          "attributes": {
            "id": "/subscriptions/3423e856-3fd7-427a-82f5-39d44c9bd937/resourceGroups/9123-RG/providers/Microsoft.Network/loadBalancers/lb-9123/probes/ssh-running-probe",
            "interval_in_seconds": 15,
            "load_balancer_rules": [],
            "loadbalancer_id": "/subscriptions/3423e856-3fd7-427a-82f5-39d44c9bd937/resourceGroups/9123-RG/providers/Microsoft.Network/loadBalancers/lb-9123",
            "name": "ssh-running-probe",
            "number_of_probes": 2,
            "port": 22,
            "probe_threshold": 1,
            "protocol": "Tcp",
            "request_path": "",
            "timeouts": null
          },
          "sensitive_attributes": [],
          "private": "eyJlMmJmYjczMC1lY2FhLTExZTYtOGY4OC0zNDM2M2JjN2M0YzAiOnsiY3JlYXRlIjoxODAwMDAwMDAwMDAwLCJkZWxldGUiOjE4MDAwMDAwMDAwMDAsInJlYWQiOjMwMDAwMDAwMDAwMCwidXBkYXRlIjoxODAwMDAwMDAwMDAwfX0=",
          "dependencies": [
            "module.loadbalancer-n01649123.azurerm_lb.lb",
            "module.loadbalancer-n01649123.azurerm_public_ip.public_ip",
            "module.rgroup-n01649123.azurerm_resource_group.rg"
          ]
        }
      ]
    },
    {
      "module": "module.loadbalancer-n01649123",
      "mode": "managed",
      "type": "azurerm_lb_rule",
      "name": "lb_rule",
      "provider": "provider[\"registry.terraform.io/hashicorp/azurerm\"]",
      "instances": [
        {
          "schema_version": 0,
          "attributes": {
            "backend_address_pool_ids": [
              "/subscriptions/3423e856-3fd7-427a-82f5-39d44c9bd937/resourceGroups/9123-RG/providers/Microsoft.Network/loadBalancers/lb-9123/backendAddressPools/lb9123_address_pool"
            ],
            "backend_port": 3389,
            "disable_outbound_snat": false,
            "enable_floating_ip": false,
            "enable_tcp_reset": false,
            "frontend_ip_configuration_id": "/subscriptions/3423e856-3fd7-427a-82f5-39d44c9bd937/resourceGroups/9123-RG/providers/Microsoft.Network/loadBalancers/lb-9123/frontendIPConfigurations/PublicIPAddress",
            "frontend_ip_configuration_name": "PublicIPAddress",
            "frontend_port": 3389,
            "id": "/subscriptions/3423e856-3fd7-427a-82f5-39d44c9bd937/resourceGroups/9123-RG/providers/Microsoft.Network/loadBalancers/lb-9123/loadBalancingRules/LBRule",
            "idle_timeout_in_minutes": 4,
            "load_distribution": "Default",
            "loadbalancer_id": "/subscriptions/3423e856-3fd7-427a-82f5-39d44c9bd937/resourceGroups/9123-RG/providers/Microsoft.Network/loadBalancers/lb-9123",
            "name": "LBRule",
            "probe_id": "/subscriptions/3423e856-3fd7-427a-82f5-39d44c9bd937/resourceGroups/9123-RG/providers/Microsoft.Network/loadBalancers/lb-9123/probes/ssh-running-probe",
            "protocol": "Tcp",
            "timeouts": null
          },
          "sensitive_attributes": [],
          "private": "eyJlMmJmYjczMC1lY2FhLTExZTYtOGY4OC0zNDM2M2JjN2M0YzAiOnsiY3JlYXRlIjoxODAwMDAwMDAwMDAwLCJkZWxldGUiOjE4MDAwMDAwMDAwMDAsInJlYWQiOjMwMDAwMDAwMDAwMCwidXBkYXRlIjoxODAwMDAwMDAwMDAwfX0=",
          "dependencies": [
            "module.loadbalancer-n01649123.azurerm_lb.lb",
            "module.loadbalancer-n01649123.azurerm_lb_backend_address_pool.lb_backend_address_pool",
            "module.loadbalancer-n01649123.azurerm_lb_probe.lb_probe",
            "module.loadbalancer-n01649123.azurerm_public_ip.public_ip",
            "module.rgroup-n01649123.azurerm_resource_group.rg"
          ]
        }
      ]
    },
    {
      "module": "module.loadbalancer-n01649123",
      "mode": "managed",
      "type": "azurerm_public_ip",
      "name": "public_ip",
      "provider": "provider[\"registry.terraform.io/hashicorp/azurerm\"]",
      "instances": [
        {
          "schema_version": 0,
          "attributes": {
            "allocation_method": "Dynamic",
            "ddos_protection_mode": "VirtualNetworkInherited",
            "ddos_protection_plan_id": null,
            "domain_name_label": null,
            "edge_zone": "",
            "fqdn": null,
            "id": "/subscriptions/3423e856-3fd7-427a-82f5-39d44c9bd937/resourceGroups/9123-RG/providers/Microsoft.Network/publicIPAddresses/lb9123_public_ip",
            "idle_timeout_in_minutes": 4,
            "ip_address": "",
            "ip_tags": null,
            "ip_version": "IPv4",
            "location": "canadacentral",
            "name": "lb9123_public_ip",
            "public_ip_prefix_id": null,
            "resource_group_name": "9123-RG",
            "reverse_fqdn": null,
            "sku": "Basic",
            "sku_tier": "Regional",
            "tags": null,
            "timeouts": null,
            "zones": null
          },
          "sensitive_attributes": [],
          "private": "eyJlMmJmYjczMC1lY2FhLTExZTYtOGY4OC0zNDM2M2JjN2M0YzAiOnsiY3JlYXRlIjoxODAwMDAwMDAwMDAwLCJkZWxldGUiOjE4MDAwMDAwMDAwMDAsInJlYWQiOjMwMDAwMDAwMDAwMCwidXBkYXRlIjoxODAwMDAwMDAwMDAwfX0=",
          "dependencies": [
            "module.rgroup-n01649123.azurerm_resource_group.rg"
          ]
        }
      ]
    },
    {
      "module": "module.network-n01649123",
      "mode": "managed",
      "type": "azurerm_network_security_group",
      "name": "nsg",
      "provider": "provider[\"registry.terraform.io/hashicorp/azurerm\"]",
      "instances": [
        {
          "schema_version": 0,
          "attributes": {
            "id": "/subscriptions/3423e856-3fd7-427a-82f5-39d44c9bd937/resourceGroups/9123-RG/providers/Microsoft.Network/networkSecurityGroups/9123-NSG",
            "location": "canadacentral",
            "name": "9123-NSG",
            "resource_group_name": "9123-RG",
            "security_rule": [],
            "tags": null,
            "timeouts": null
          },
          "sensitive_attributes": [],
          "private": "eyJlMmJmYjczMC1lY2FhLTExZTYtOGY4OC0zNDM2M2JjN2M0YzAiOnsiY3JlYXRlIjoxODAwMDAwMDAwMDAwLCJkZWxldGUiOjE4MDAwMDAwMDAwMDAsInJlYWQiOjMwMDAwMDAwMDAwMCwidXBkYXRlIjoxODAwMDAwMDAwMDAwfX0=",
          "dependencies": [
            "module.rgroup-n01649123.azurerm_resource_group.rg"
          ]
        }
      ]
    },
    {
      "module": "module.network-n01649123",
      "mode": "managed",
      "type": "azurerm_network_security_rule",
      "name": "rules-subnet",
      "provider": "provider[\"registry.terraform.io/hashicorp/azurerm\"]",
      "instances": [
        {
          "index_key": "rule1",
          "schema_version": 0,
          "attributes": {
            "access": "Allow",
            "description": "",
            "destination_address_prefix": "*",
            "destination_address_prefixes": null,
            "destination_application_security_group_ids": null,
            "destination_port_range": "22",
            "destination_port_ranges": null,
            "direction": "Inbound",
            "id": "/subscriptions/3423e856-3fd7-427a-82f5-39d44c9bd937/resourceGroups/9123-RG/providers/Microsoft.Network/networkSecurityGroups/9123-NSG/securityRules/rule1",
            "name": "rule1",
            "network_security_group_name": "9123-NSG",
            "priority": 100,
            "protocol": "Tcp",
            "resource_group_name": "9123-RG",
            "source_address_prefix": "*",
            "source_address_prefixes": null,
            "source_application_security_group_ids": null,
            "source_port_range": "*",
            "source_port_ranges": null,
            "timeouts": null
          },
          "sensitive_attributes": [],
          "private": "eyJlMmJmYjczMC1lY2FhLTExZTYtOGY4OC0zNDM2M2JjN2M0YzAiOnsiY3JlYXRlIjoxODAwMDAwMDAwMDAwLCJkZWxldGUiOjE4MDAwMDAwMDAwMDAsInJlYWQiOjMwMDAwMDAwMDAwMCwidXBkYXRlIjoxODAwMDAwMDAwMDAwfX0=",
          "dependencies": [
            "module.network-n01649123.azurerm_network_security_group.nsg",
            "module.rgroup-n01649123.azurerm_resource_group.rg"
          ]
        },
        {
          "index_key": "rule2",
          "schema_version": 0,
          "attributes": {
            "access": "Allow",
            "description": "",
            "destination_address_prefix": "*",
            "destination_address_prefixes": null,
            "destination_application_security_group_ids": null,
            "destination_port_range": "80",
            "destination_port_ranges": null,
            "direction": "Inbound",
            "id": "/subscriptions/3423e856-3fd7-427a-82f5-39d44c9bd937/resourceGroups/9123-RG/providers/Microsoft.Network/networkSecurityGroups/9123-NSG/securityRules/rule2",
            "name": "rule2",
            "network_security_group_name": "9123-NSG",
            "priority": 200,
            "protocol": "Tcp",
            "resource_group_name": "9123-RG",
            "source_address_prefix": "*",
            "source_address_prefixes": null,
            "source_application_security_group_ids": null,
            "source_port_range": "*",
            "source_port_ranges": null,
            "timeouts": null
          },
          "sensitive_attributes": [],
          "private": "eyJlMmJmYjczMC1lY2FhLTExZTYtOGY4OC0zNDM2M2JjN2M0YzAiOnsiY3JlYXRlIjoxODAwMDAwMDAwMDAwLCJkZWxldGUiOjE4MDAwMDAwMDAwMDAsInJlYWQiOjMwMDAwMDAwMDAwMCwidXBkYXRlIjoxODAwMDAwMDAwMDAwfX0=",
          "dependencies": [
            "module.network-n01649123.azurerm_network_security_group.nsg",
            "module.rgroup-n01649123.azurerm_resource_group.rg"
          ]
        },
        {
          "index_key": "rule3",
          "schema_version": 0,
          "attributes": {
            "access": "Allow",
            "description": "",
            "destination_address_prefix": "*",
            "destination_address_prefixes": null,
            "destination_application_security_group_ids": null,
            "destination_port_range": "3389",
            "destination_port_ranges": null,
            "direction": "Inbound",
            "id": "/subscriptions/3423e856-3fd7-427a-82f5-39d44c9bd937/resourceGroups/9123-RG/providers/Microsoft.Network/networkSecurityGroups/9123-NSG/securityRules/rule3",
            "name": "rule3",
            "network_security_group_name": "9123-NSG",
            "priority": 300,
            "protocol": "Tcp",
            "resource_group_name": "9123-RG",
            "source_address_prefix": "*",
            "source_address_prefixes": null,
            "source_application_security_group_ids": null,
            "source_port_range": "*",
            "source_port_ranges": null,
            "timeouts": null
          },
          "sensitive_attributes": [],
          "private": "eyJlMmJmYjczMC1lY2FhLTExZTYtOGY4OC0zNDM2M2JjN2M0YzAiOnsiY3JlYXRlIjoxODAwMDAwMDAwMDAwLCJkZWxldGUiOjE4MDAwMDAwMDAwMDAsInJlYWQiOjMwMDAwMDAwMDAwMCwidXBkYXRlIjoxODAwMDAwMDAwMDAwfX0=",
          "dependencies": [
            "module.network-n01649123.azurerm_network_security_group.nsg",
            "module.rgroup-n01649123.azurerm_resource_group.rg"
          ]
        },
        {
          "index_key": "rule4",
          "schema_version": 0,
          "attributes": {
            "access": "Allow",
            "description": "",
            "destination_address_prefix": "*",
            "destination_address_prefixes": null,
            "destination_application_security_group_ids": null,
            "destination_port_range": "5985",
            "destination_port_ranges": null,
            "direction": "Inbound",
            "id": "/subscriptions/3423e856-3fd7-427a-82f5-39d44c9bd937/resourceGroups/9123-RG/providers/Microsoft.Network/networkSecurityGroups/9123-NSG/securityRules/rule4",
            "name": "rule4",
            "network_security_group_name": "9123-NSG",
            "priority": 400,
            "protocol": "Tcp",
            "resource_group_name": "9123-RG",
            "source_address_prefix": "*",
            "source_address_prefixes": null,
            "source_application_security_group_ids": null,
            "source_port_range": "*",
            "source_port_ranges": null,
            "timeouts": null
          },
          "sensitive_attributes": [],
          "private": "eyJlMmJmYjczMC1lY2FhLTExZTYtOGY4OC0zNDM2M2JjN2M0YzAiOnsiY3JlYXRlIjoxODAwMDAwMDAwMDAwLCJkZWxldGUiOjE4MDAwMDAwMDAwMDAsInJlYWQiOjMwMDAwMDAwMDAwMCwidXBkYXRlIjoxODAwMDAwMDAwMDAwfX0=",
          "dependencies": [
            "module.network-n01649123.azurerm_network_security_group.nsg",
            "module.rgroup-n01649123.azurerm_resource_group.rg"
          ]
        }
      ]
    },
    {
      "module": "module.network-n01649123",
      "mode": "managed",
      "type": "azurerm_subnet",
      "name": "subnet",
      "provider": "provider[\"registry.terraform.io/hashicorp/azurerm\"]",
      "instances": [
        {
          "schema_version": 0,
          "attributes": {
            "address_prefixes": [
              "10.0.1.0/24"
            ],
            "delegation": [],
            "enforce_private_link_endpoint_network_policies": false,
            "enforce_private_link_service_network_policies": false,
            "id": "/subscriptions/3423e856-3fd7-427a-82f5-39d44c9bd937/resourceGroups/9123-RG/providers/Microsoft.Network/virtualNetworks/9123-VNET/subnets/9123-SUBNET",
            "name": "9123-SUBNET",
            "private_endpoint_network_policies_enabled": true,
            "private_link_service_network_policies_enabled": true,
            "resource_group_name": "9123-RG",
            "service_endpoint_policy_ids": null,
            "service_endpoints": null,
            "timeouts": null,
            "virtual_network_name": "9123-VNET"
          },
          "sensitive_attributes": [],
          "private": "eyJlMmJmYjczMC1lY2FhLTExZTYtOGY4OC0zNDM2M2JjN2M0YzAiOnsiY3JlYXRlIjoxODAwMDAwMDAwMDAwLCJkZWxldGUiOjE4MDAwMDAwMDAwMDAsInJlYWQiOjMwMDAwMDAwMDAwMCwidXBkYXRlIjoxODAwMDAwMDAwMDAwfX0=",
          "dependencies": [
            "module.network-n01649123.azurerm_virtual_network.vnet",
            "module.rgroup-n01649123.azurerm_resource_group.rg"
          ]
        }
      ]
    },
    {
      "module": "module.network-n01649123",
      "mode": "managed",
      "type": "azurerm_subnet_network_security_group_association",
      "name": "ga",
      "provider": "provider[\"registry.terraform.io/hashicorp/azurerm\"]",
      "instances": [
        {
          "schema_version": 0,
          "attributes": {
            "id": "/subscriptions/3423e856-3fd7-427a-82f5-39d44c9bd937/resourceGroups/9123-RG/providers/Microsoft.Network/virtualNetworks/9123-VNET/subnets/9123-SUBNET",
            "network_security_group_id": "/subscriptions/3423e856-3fd7-427a-82f5-39d44c9bd937/resourceGroups/9123-RG/providers/Microsoft.Network/networkSecurityGroups/9123-NSG",
            "subnet_id": "/subscriptions/3423e856-3fd7-427a-82f5-39d44c9bd937/resourceGroups/9123-RG/providers/Microsoft.Network/virtualNetworks/9123-VNET/subnets/9123-SUBNET",
            "timeouts": null
          },
          "sensitive_attributes": [],
          "private": "eyJlMmJmYjczMC1lY2FhLTExZTYtOGY4OC0zNDM2M2JjN2M0YzAiOnsiY3JlYXRlIjoxODAwMDAwMDAwMDAwLCJkZWxldGUiOjE4MDAwMDAwMDAwMDAsInJlYWQiOjMwMDAwMDAwMDAwMCwidXBkYXRlIjoxODAwMDAwMDAwMDAwfX0=",
          "dependencies": [
            "module.network-n01649123.azurerm_network_security_group.nsg",
            "module.network-n01649123.azurerm_subnet.subnet",
            "module.network-n01649123.azurerm_virtual_network.vnet",
            "module.rgroup-n01649123.azurerm_resource_group.rg"
          ]
        }
      ]
    },
    {
      "module": "module.network-n01649123",
      "mode": "managed",
      "type": "azurerm_virtual_network",
      "name": "vnet",
      "provider": "provider[\"registry.terraform.io/hashicorp/azurerm\"]",
      "instances": [
        {
          "schema_version": 0,
          "attributes": {
            "address_space": [
              "10.0.0.0/16"
            ],
            "bgp_community": "",
            "ddos_protection_plan": [],
            "dns_servers": [],
            "edge_zone": "",
            "flow_timeout_in_minutes": 0,
            "guid": "d259b107-b1b9-4fe5-b736-89195106a981",
            "id": "/subscriptions/3423e856-3fd7-427a-82f5-39d44c9bd937/resourceGroups/9123-RG/providers/Microsoft.Network/virtualNetworks/9123-VNET",
            "location": "canadacentral",
            "name": "9123-VNET",
            "resource_group_name": "9123-RG",
            "subnet": [],
            "tags": null,
            "timeouts": null
          },
          "sensitive_attributes": [],
          "private": "eyJlMmJmYjczMC1lY2FhLTExZTYtOGY4OC0zNDM2M2JjN2M0YzAiOnsiY3JlYXRlIjoxODAwMDAwMDAwMDAwLCJkZWxldGUiOjE4MDAwMDAwMDAwMDAsInJlYWQiOjMwMDAwMDAwMDAwMCwidXBkYXRlIjoxODAwMDAwMDAwMDAwfX0=",
          "dependencies": [
            "module.rgroup-n01649123.azurerm_resource_group.rg"
          ]
        }
      ]
    },
    {
      "module": "module.rgroup-n01649123",
      "mode": "managed",
      "type": "azurerm_resource_group",
      "name": "rg",
      "provider": "provider[\"registry.terraform.io/hashicorp/azurerm\"]",
      "instances": [
        {
          "schema_version": 0,
          "attributes": {
            "id": "/subscriptions/3423e856-3fd7-427a-82f5-39d44c9bd937/resourceGroups/9123-RG",
            "location": "canadacentral",
            "name": "9123-RG",
            "tags": null,
            "timeouts": null
          },
          "sensitive_attributes": [],
          "private": "eyJlMmJmYjczMC1lY2FhLTExZTYtOGY4OC0zNDM2M2JjN2M0YzAiOnsiY3JlYXRlIjo1NDAwMDAwMDAwMDAwLCJkZWxldGUiOjU0MDAwMDAwMDAwMDAsInJlYWQiOjMwMDAwMDAwMDAwMCwidXBkYXRlIjo1NDAwMDAwMDAwMDAwfX0="
        }
      ]
    },
    {
      "module": "module.windows-n01649123",
      "mode": "managed",
      "type": "azurerm_availability_set",
      "name": "windows_avs",
      "provider": "provider[\"registry.terraform.io/hashicorp/azurerm\"]",
      "instances": [
        {
          "schema_version": 0,
          "attributes": {
            "id": "/subscriptions/3423e856-3fd7-427a-82f5-39d44c9bd937/resourceGroups/9123-RG/providers/Microsoft.Compute/availabilitySets/windows-avs",
            "location": "canadacentral",
            "managed": true,
            "name": "windows-avs",
            "platform_fault_domain_count": 2,
            "platform_update_domain_count": 5,
            "proximity_placement_group_id": null,
            "resource_group_name": "9123-RG",
            "tags": null,
            "timeouts": null
          },
          "sensitive_attributes": [],
          "private": "eyJlMmJmYjczMC1lY2FhLTExZTYtOGY4OC0zNDM2M2JjN2M0YzAiOnsiY3JlYXRlIjoxODAwMDAwMDAwMDAwLCJkZWxldGUiOjE4MDAwMDAwMDAwMDAsInJlYWQiOjMwMDAwMDAwMDAwMCwidXBkYXRlIjoxODAwMDAwMDAwMDAwfX0=",
          "dependencies": [
            "module.rgroup-n01649123.azurerm_resource_group.rg"
          ]
        }
      ]
    },
    {
      "module": "module.windows-n01649123",
      "mode": "managed",
      "type": "azurerm_network_interface",
      "name": "windows_nic",
      "provider": "provider[\"registry.terraform.io/hashicorp/azurerm\"]",
      "instances": [
        {
          "index_key": 0,
          "schema_version": 0,
          "attributes": {
            "applied_dns_servers": [],
            "dns_servers": [],
            "edge_zone": "",
            "enable_accelerated_networking": false,
            "enable_ip_forwarding": false,
            "id": "/subscriptions/3423e856-3fd7-427a-82f5-39d44c9bd937/resourceGroups/9123-RG/providers/Microsoft.Network/networkInterfaces/win-9123-vm-nic1",
            "internal_dns_name_label": "",
            "internal_domain_name_suffix": "a4yvtuvzwhsu5nzwremvcbvjqb.ux.internal.cloudapp.net",
            "ip_configuration": [
              {
                "gateway_load_balancer_frontend_ip_configuration_id": "",
                "name": "win-9123-vm-ipconfig1",
                "primary": true,
                "private_ip_address": "10.0.1.7",
                "private_ip_address_allocation": "Dynamic",
                "private_ip_address_version": "IPv4",
                "public_ip_address_id": "/subscriptions/3423e856-3fd7-427a-82f5-39d44c9bd937/resourceGroups/9123-RG/providers/Microsoft.Network/publicIPAddresses/win-9123-vm-pip1",
                "subnet_id": "/subscriptions/3423e856-3fd7-427a-82f5-39d44c9bd937/resourceGroups/9123-RG/providers/Microsoft.Network/virtualNetworks/9123-VNET/subnets/9123-SUBNET"
              }
            ],
            "location": "canadacentral",
            "mac_address": "",
            "name": "win-9123-vm-nic1",
            "private_ip_address": "10.0.1.7",
            "private_ip_addresses": [
              "10.0.1.7"
            ],
            "resource_group_name": "9123-RG",
            "tags": null,
            "timeouts": null,
            "virtual_machine_id": ""
          },
          "sensitive_attributes": [],
          "private": "eyJlMmJmYjczMC1lY2FhLTExZTYtOGY4OC0zNDM2M2JjN2M0YzAiOnsiY3JlYXRlIjoxODAwMDAwMDAwMDAwLCJkZWxldGUiOjE4MDAwMDAwMDAwMDAsInJlYWQiOjMwMDAwMDAwMDAwMCwidXBkYXRlIjoxODAwMDAwMDAwMDAwfX0=",
          "dependencies": [
            "module.network-n01649123.azurerm_subnet.subnet",
            "module.network-n01649123.azurerm_virtual_network.vnet",
            "module.rgroup-n01649123.azurerm_resource_group.rg",
            "module.windows-n01649123.azurerm_public_ip.windows_pip"
          ]
        }
      ]
    },
    {
      "module": "module.windows-n01649123",
      "mode": "managed",
      "type": "azurerm_public_ip",
      "name": "windows_pip",
      "provider": "provider[\"registry.terraform.io/hashicorp/azurerm\"]",
      "instances": [
        {
          "index_key": 0,
          "schema_version": 0,
          "attributes": {
            "allocation_method": "Dynamic",
            "ddos_protection_mode": "VirtualNetworkInherited",
            "ddos_protection_plan_id": null,
            "domain_name_label": "win-9123-vm1",
            "edge_zone": "",
            "fqdn": "win-9123-vm1.canadacentral.cloudapp.azure.com",
            "id": "/subscriptions/3423e856-3fd7-427a-82f5-39d44c9bd937/resourceGroups/9123-RG/providers/Microsoft.Network/publicIPAddresses/win-9123-vm-pip1",
            "idle_timeout_in_minutes": 4,
            "ip_address": "",
            "ip_tags": null,
            "ip_version": "IPv4",
            "location": "canadacentral",
            "name": "win-9123-vm-pip1",
            "public_ip_prefix_id": null,
            "resource_group_name": "9123-RG",
            "reverse_fqdn": "",
            "sku": "Basic",
            "sku_tier": "Regional",
            "tags": null,
            "timeouts": null,
            "zones": null
          },
          "sensitive_attributes": [],
          "private": "eyJlMmJmYjczMC1lY2FhLTExZTYtOGY4OC0zNDM2M2JjN2M0YzAiOnsiY3JlYXRlIjoxODAwMDAwMDAwMDAwLCJkZWxldGUiOjE4MDAwMDAwMDAwMDAsInJlYWQiOjMwMDAwMDAwMDAwMCwidXBkYXRlIjoxODAwMDAwMDAwMDAwfX0=",
          "dependencies": [
            "module.rgroup-n01649123.azurerm_resource_group.rg"
          ]
        }
      ]
    },
    {
      "module": "module.windows-n01649123",
      "mode": "managed",
      "type": "azurerm_virtual_machine_extension",
      "name": "vm_extension",
      "provider": "provider[\"registry.terraform.io/hashicorp/azurerm\"]",
      "instances": [
        {
          "index_key": 0,
          "schema_version": 0,
          "attributes": {
            "auto_upgrade_minor_version": false,
            "automatic_upgrade_enabled": false,
            "failure_suppression_enabled": false,
            "id": "/subscriptions/3423e856-3fd7-427a-82f5-39d44c9bd937/resourceGroups/9123-RG/providers/Microsoft.Compute/virtualMachines/win-9123-vm1/extensions/IaaSAntimalware",
            "name": "IaaSAntimalware",
            "protected_settings": null,
            "protected_settings_from_key_vault": [],
            "publisher": "Microsoft.Azure.Security",
            "settings": null,
            "tags": null,
            "timeouts": null,
            "type": "IaaSAntimalware",
            "type_handler_version": "1.3",
            "virtual_machine_id": "/subscriptions/3423e856-3fd7-427a-82f5-39d44c9bd937/resourceGroups/9123-RG/providers/Microsoft.Compute/virtualMachines/win-9123-vm1"
          },
          "sensitive_attributes": [
            [
              {
                "type": "get_attr",
                "value": "protected_settings"
              }
            ]
          ],
          "private": "eyJlMmJmYjczMC1lY2FhLTExZTYtOGY4OC0zNDM2M2JjN2M0YzAiOnsiY3JlYXRlIjoxODAwMDAwMDAwMDAwLCJkZWxldGUiOjE4MDAwMDAwMDAwMDAsInJlYWQiOjMwMDAwMDAwMDAwMCwidXBkYXRlIjoxODAwMDAwMDAwMDAwfX0=",
          "dependencies": [
            "module.network-n01649123.azurerm_subnet.subnet",
            "module.network-n01649123.azurerm_virtual_network.vnet",
            "module.rgroup-n01649123.azurerm_resource_group.rg",
            "module.windows-n01649123.azurerm_availability_set.windows_avs",
            "module.windows-n01649123.azurerm_network_interface.windows_nic",
            "module.windows-n01649123.azurerm_public_ip.windows_pip",
            "module.windows-n01649123.azurerm_windows_virtual_machine.vmwindows"
          ]
        }
      ]
    },
    {
      "module": "module.windows-n01649123",
      "mode": "managed",
      "type": "azurerm_windows_virtual_machine",
      "name": "vmwindows",
      "provider": "provider[\"registry.terraform.io/hashicorp/azurerm\"]",
      "instances": [
        {
          "index_key": 0,
          "schema_version": 0,
          "attributes": {
            "additional_capabilities": [],
            "additional_unattend_content": [],
            "admin_password": "sneha@123",
            "admin_username": "n01649123",
            "allow_extension_operations": true,
            "availability_set_id": "/subscriptions/3423e856-3fd7-427a-82f5-39d44c9bd937/resourceGroups/9123-RG/providers/Microsoft.Compute/availabilitySets/WINDOWS-AVS",
            "boot_diagnostics": [],
            "capacity_reservation_group_id": "",
            "computer_name": "win-9123-vm1",
            "custom_data": null,
            "dedicated_host_group_id": "",
            "dedicated_host_id": "",
            "edge_zone": "",
            "enable_automatic_updates": true,
            "encryption_at_host_enabled": false,
            "eviction_policy": "",
            "extensions_time_budget": "PT1H30M",
            "gallery_application": [],
            "hotpatching_enabled": false,
            "id": "/subscriptions/3423e856-3fd7-427a-82f5-39d44c9bd937/resourceGroups/9123-RG/providers/Microsoft.Compute/virtualMachines/win-9123-vm1",
            "identity": [],
            "license_type": "",
            "location": "canadacentral",
            "max_bid_price": -1,
            "name": "win-9123-vm1",
            "network_interface_ids": [
              "/subscriptions/3423e856-3fd7-427a-82f5-39d44c9bd937/resourceGroups/9123-RG/providers/Microsoft.Network/networkInterfaces/win-9123-vm-nic1"
            ],
            "os_disk": [
              {
                "caching": "ReadWrite",
                "diff_disk_settings": [],
                "disk_encryption_set_id": "",
                "disk_size_gb": 128,
                "name": "win-9123-vm-os-disk1",
                "secure_vm_disk_encryption_set_id": "",
                "security_encryption_type": "",
                "storage_account_type": "StandardSSD_LRS",
                "write_accelerator_enabled": false
              }
            ],
            "patch_assessment_mode": "ImageDefault",
            "patch_mode": "AutomaticByOS",
            "plan": [],
            "platform_fault_domain": -1,
            "priority": "Regular",
            "private_ip_address": "10.0.1.7",
            "private_ip_addresses": [
              "10.0.1.7"
            ],
            "provision_vm_agent": true,
            "proximity_placement_group_id": "",
            "public_ip_address": "4.206.150.82",
            "public_ip_addresses": [
              "4.206.150.82"
            ],
            "resource_group_name": "9123-RG",
            "secret": [],
            "secure_boot_enabled": false,
            "size": "Standard_B1s",
            "source_image_id": "",
            "source_image_reference": [
              {
                "offer": "WindowsServer",
                "publisher": "MicrosoftWindowsServer",
                "sku": "2016-Datacenter",
                "version": "latest"
              }
            ],
            "tags": null,
            "termination_notification": null,
            "timeouts": null,
            "timezone": "",
            "user_data": "",
            "virtual_machine_id": "ebf1ce28-4fb6-405d-a9d3-120db8f6b5cc",
            "virtual_machine_scale_set_id": "",
            "vtpm_enabled": false,
            "winrm_listener": [
              {
                "certificate_url": "",
                "protocol": "Http"
              }
            ],
            "zone": ""
          },
          "sensitive_attributes": [
            [
              {
                "type": "get_attr",
                "value": "admin_password"
              }
            ],
            [
              {
                "type": "get_attr",
                "value": "custom_data"
              }
            ]
          ],
          "private": "eyJlMmJmYjczMC1lY2FhLTExZTYtOGY4OC0zNDM2M2JjN2M0YzAiOnsiY3JlYXRlIjoyNzAwMDAwMDAwMDAwLCJkZWxldGUiOjI3MDAwMDAwMDAwMDAsInJlYWQiOjMwMDAwMDAwMDAwMCwidXBkYXRlIjoyNzAwMDAwMDAwMDAwfX0=",
          "dependencies": [
            "module.network-n01649123.azurerm_subnet.subnet",
            "module.network-n01649123.azurerm_virtual_network.vnet",
            "module.rgroup-n01649123.azurerm_resource_group.rg",
            "module.windows-n01649123.azurerm_availability_set.windows_avs",
            "module.windows-n01649123.azurerm_network_interface.windows_nic",
            "module.windows-n01649123.azurerm_public_ip.windows_pip"
          ]
        }
      ]
    }
  ],
  "check_results": null
}
